// !$*UTF8*$!
{
	archiveVersion = 1;
	classes = {
	};
	objectVersion = 54;
	objects = {

/* Begin PBXBuildFile section */
		00A9F8B246B04795B7B1B50E /* EncodeSans_SemiCondensed-Light.ttf in Resources */ = {isa = PBXBuildFile; fileRef = E1E1666357324C599C3D6B7A /* EncodeSans_SemiCondensed-Light.ttf */; };
		00E356F31AD99517003FC87E /* Places2StayTests.m in Sources */ = {isa = PBXBuildFile; fileRef = 00E356F21AD99517003FC87E /* Places2StayTests.m */; };
		0C80B921A6F3F58F76C31292 /* libPods-Places2Stay.a in Frameworks */ = {isa = PBXBuildFile; fileRef = 5DCACB8F33CDC322A6C60F78 /* libPods-Places2Stay.a */; };
		0CA6CAF01D6344889D6357E3 /* Bitter-ExtraLightItalic.ttf in Resources */ = {isa = PBXBuildFile; fileRef = F9D957306D4A4037BDF1DC9E /* Bitter-ExtraLightItalic.ttf */; };
		0E2F20C85A7D430EB9B3077B /* Foundation.ttf in Resources */ = {isa = PBXBuildFile; fileRef = B6ABBBD71732473A980C2B67 /* Foundation.ttf */; };
		100D5ED3E65C4C369E6BFD9B /* EncodeSans_Expanded-Thin.ttf in Resources */ = {isa = PBXBuildFile; fileRef = C3E27CA219BD4DBA98B11BC5 /* EncodeSans_Expanded-Thin.ttf */; };
		1206868CFAA84D4191150903 /* Bitter-Italic.ttf in Resources */ = {isa = PBXBuildFile; fileRef = 81836C8D430344B88C2FBC37 /* Bitter-Italic.ttf */; };
		1211983E1FE245C9A93B5CDA /* Octicons.ttf in Resources */ = {isa = PBXBuildFile; fileRef = CFE6671E3392453E9580E294 /* Octicons.ttf */; };
		137829277CEE4DDC8DCF0359 /* EncodeSans_SemiExpanded-ExtraLight.ttf in Resources */ = {isa = PBXBuildFile; fileRef = DD2E7A0BCA54441AAF56D475 /* EncodeSans_SemiExpanded-ExtraLight.ttf */; };
		13B07FBC1A68108700A75B9A /* AppDelegate.mm in Sources */ = {isa = PBXBuildFile; fileRef = 13B07FB01A68108700A75B9A /* AppDelegate.mm */; };
		13B07FBF1A68108700A75B9A /* Images.xcassets in Resources */ = {isa = PBXBuildFile; fileRef = 13B07FB51A68108700A75B9A /* Images.xcassets */; };
		13B07FC11A68108700A75B9A /* main.m in Sources */ = {isa = PBXBuildFile; fileRef = 13B07FB71A68108700A75B9A /* main.m */; };
		17EE9845274342419D08ADA9 /* Bitter-Medium.ttf in Resources */ = {isa = PBXBuildFile; fileRef = D107C46F303045DFAF657B70 /* Bitter-Medium.ttf */; };
		181660D4E9E343E49ED0336C /* Bitter-BoldItalic.ttf in Resources */ = {isa = PBXBuildFile; fileRef = 27F675E3F4E24013832D22A6 /* Bitter-BoldItalic.ttf */; };
		1AF892DD5C9F48EF9A66F568 /* EncodeSans_Condensed-ExtraBold.ttf in Resources */ = {isa = PBXBuildFile; fileRef = 552F9D742CEE4145B32F62F2 /* EncodeSans_Condensed-ExtraBold.ttf */; };
		1C2E031219C0470FAFEA2AB9 /* Bitter-BlackItalic.ttf in Resources */ = {isa = PBXBuildFile; fileRef = 95440F56FAB54679B71D1633 /* Bitter-BlackItalic.ttf */; };
		201AEA0F3F6A4A2BB1213F3A /* EncodeSans-Bold.ttf in Resources */ = {isa = PBXBuildFile; fileRef = B3C2B0CA91704B7885B049B5 /* EncodeSans-Bold.ttf */; };
		245318066CC049C0B9C96CF2 /* Bitter-ExtraBoldItalic.ttf in Resources */ = {isa = PBXBuildFile; fileRef = 146E1F8C5C754FC3B05A9B15 /* Bitter-ExtraBoldItalic.ttf */; };
		2770CB2690E641988C404612 /* EncodeSans_SemiExpanded-SemiBold.ttf in Resources */ = {isa = PBXBuildFile; fileRef = EDDE0B2D5FAC4245B971B35B /* EncodeSans_SemiExpanded-SemiBold.ttf */; };
		29F8983CE493472F939ED48A /* FontAwesome5_Brands.ttf in Resources */ = {isa = PBXBuildFile; fileRef = 1D09AE1136C94CE19041A60E /* FontAwesome5_Brands.ttf */; };
		2D8F777390774DEB92517A31 /* EncodeSans_Condensed-Bold.ttf in Resources */ = {isa = PBXBuildFile; fileRef = 8E4A951ADF5B4B5CA1F5BD75 /* EncodeSans_Condensed-Bold.ttf */; };
		2DC56360771C4DF29DD73D36 /* Ionicons.ttf in Resources */ = {isa = PBXBuildFile; fileRef = A80B7FA861B24F379A76A8E0 /* Ionicons.ttf */; };
		35923FBC6AE04158B8B18937 /* EncodeSans_SemiExpanded-Medium.ttf in Resources */ = {isa = PBXBuildFile; fileRef = 4C4D52162457409FA2C6C151 /* EncodeSans_SemiExpanded-Medium.ttf */; };
		36D550EBE1A64ADBAE66DCA5 /* FontAwesome.ttf in Resources */ = {isa = PBXBuildFile; fileRef = ABF9141771964ABBAF2ABA55 /* FontAwesome.ttf */; };
		36FDC73807704F4E940E00D5 /* EncodeSans_Expanded-Medium.ttf in Resources */ = {isa = PBXBuildFile; fileRef = 0B4EF651850D4FF3BD4D42BE /* EncodeSans_Expanded-Medium.ttf */; };
		3A2D2F6A16384659A72B1E10 /* EncodeSans-ExtraLight.ttf in Resources */ = {isa = PBXBuildFile; fileRef = 096197062FE34FB8BED0937B /* EncodeSans-ExtraLight.ttf */; };
		3A9F2AE43ED544058F35BA56 /* EncodeSans_SemiCondensed-SemiBold.ttf in Resources */ = {isa = PBXBuildFile; fileRef = CA6B8CBB95454A20A5CA3B83 /* EncodeSans_SemiCondensed-SemiBold.ttf */; };
		3C09998460E54B4AB3BBCD09 /* EncodeSans_SemiCondensed-ExtraBold.ttf in Resources */ = {isa = PBXBuildFile; fileRef = 0FC09FB9AFEA409C87AA29E6 /* EncodeSans_SemiCondensed-ExtraBold.ttf */; };
		3EC1C36A23DB4B42A6846EDB /* Entypo.ttf in Resources */ = {isa = PBXBuildFile; fileRef = 36F1834324FE44B49A4375E4 /* Entypo.ttf */; };
		3F8174B9FEAF4A4BBBF43C78 /* EncodeSans_Condensed-Medium.ttf in Resources */ = {isa = PBXBuildFile; fileRef = 721F546F3C2843F4BA425686 /* EncodeSans_Condensed-Medium.ttf */; };
		42AF8F470C8947BF8764A9B4 /* Bitter-Black.ttf in Resources */ = {isa = PBXBuildFile; fileRef = FC7DE815906E4FB7A0EE9454 /* Bitter-Black.ttf */; };
		4367EE279229448D9FFC96F5 /* EncodeSans_Condensed-Regular.ttf in Resources */ = {isa = PBXBuildFile; fileRef = 488D12D867F040E5A2B72325 /* EncodeSans_Condensed-Regular.ttf */; };
		44FCEA1D01204D54891B3B7C /* Bitter-Italic-VariableFont_wght.ttf in Resources */ = {isa = PBXBuildFile; fileRef = DBA297A11E4844AA8E3F714A /* Bitter-Italic-VariableFont_wght.ttf */; };
		4ACFB3EA39044454AF4C164A /* Bitter-ThinItalic.ttf in Resources */ = {isa = PBXBuildFile; fileRef = 9B2C7E3DAE5A46C1A9B2C54B /* Bitter-ThinItalic.ttf */; };
		4AF182FF2C5949DF9C949F69 /* EncodeSans-ExtraBold.ttf in Resources */ = {isa = PBXBuildFile; fileRef = 33CB11B5A9E74DF49ED41E7F /* EncodeSans-ExtraBold.ttf */; };
		4CEA2DBA40A440DEA3F7259D /* Zocial.ttf in Resources */ = {isa = PBXBuildFile; fileRef = 110C12055D8D4E0FA8A72F71 /* Zocial.ttf */; };
		4DE9859400DE4D2B96F3EBE3 /* FontAwesome5_Regular.ttf in Resources */ = {isa = PBXBuildFile; fileRef = 2B16703C85B341BD9D98BA45 /* FontAwesome5_Regular.ttf */; };
		54952E14975B491480981DE4 /* EncodeSans_SemiExpanded-Regular.ttf in Resources */ = {isa = PBXBuildFile; fileRef = 97B5FB7A3AE145E18D5467E6 /* EncodeSans_SemiExpanded-Regular.ttf */; };
		549C4093EB8A4A1E9D438234 /* EncodeSans_SemiCondensed-Bold.ttf in Resources */ = {isa = PBXBuildFile; fileRef = B32121F7DB56440D882A39C6 /* EncodeSans_SemiCondensed-Bold.ttf */; };
		5882546010534430BADB3C16 /* EncodeSans_SemiExpanded-Thin.ttf in Resources */ = {isa = PBXBuildFile; fileRef = D661B98EE17C427B9350FEE0 /* EncodeSans_SemiExpanded-Thin.ttf */; };
		58EE250659F1461B9505D2DE /* EncodeSans-Black.ttf in Resources */ = {isa = PBXBuildFile; fileRef = 2813123D7A0D476BBC2DD058 /* EncodeSans-Black.ttf */; };
		5BFD2FA0733D4BDCA89EA957 /* EncodeSans_Condensed-Thin.ttf in Resources */ = {isa = PBXBuildFile; fileRef = 4169BAE777834BC49FCC4DAB /* EncodeSans_Condensed-Thin.ttf */; };
		5CC2B80882B74CB3B44893F6 /* FontAwesome5_Solid.ttf in Resources */ = {isa = PBXBuildFile; fileRef = FA2317A6D1904B819F66BA87 /* FontAwesome5_Solid.ttf */; };
		5D80166FA71B490896610A98 /* EvilIcons.ttf in Resources */ = {isa = PBXBuildFile; fileRef = D511859E8D23405CB4D7EC7A /* EvilIcons.ttf */; };
		63BF4495E117427A9460E806 /* EncodeSans_SemiCondensed-Black.ttf in Resources */ = {isa = PBXBuildFile; fileRef = 4FAAAEF3D2004F4D89BDEB28 /* EncodeSans_SemiCondensed-Black.ttf */; };
		665B42032D1A4308BFFDFD1A /* AntDesign.ttf in Resources */ = {isa = PBXBuildFile; fileRef = 88AE02D1A7A64DAEB0D0FE7E /* AntDesign.ttf */; };
		6925EE3A00D2429C833E0DC6 /* Bitter-Thin.ttf in Resources */ = {isa = PBXBuildFile; fileRef = ADB0FF2BB8164626AF13E643 /* Bitter-Thin.ttf */; };
		6F160BFCCB0B4221BE8ABEE8 /* EncodeSans_Condensed-Light.ttf in Resources */ = {isa = PBXBuildFile; fileRef = DE290E5A300B4A938F76F006 /* EncodeSans_Condensed-Light.ttf */; };
		70961D45AAB146AFA1CFE695 /* Bitter-Bold.ttf in Resources */ = {isa = PBXBuildFile; fileRef = 31BF1CDC74EB48C5891D77B1 /* Bitter-Bold.ttf */; };
		74AFBBEAAF6F4C0A8DE8B08B /* Bitter-LightItalic.ttf in Resources */ = {isa = PBXBuildFile; fileRef = 0A8564BFFCBA4084987C78B8 /* Bitter-LightItalic.ttf */; };
		7699B88040F8A987B510C191 /* libPods-Places2Stay-Places2StayTests.a in Frameworks */ = {isa = PBXBuildFile; fileRef = 19F6CBCC0A4E27FBF8BF4A61 /* libPods-Places2Stay-Places2StayTests.a */; };
		77B09D758F80407EA49549E5 /* EncodeSans-Light.ttf in Resources */ = {isa = PBXBuildFile; fileRef = E41DE5F9951E4D5FBC4EF80A /* EncodeSans-Light.ttf */; };
		7858A7D0D33548AF98444345 /* EncodeSans_Expanded-Black.ttf in Resources */ = {isa = PBXBuildFile; fileRef = 8372C068571A4E81809802DE /* EncodeSans_Expanded-Black.ttf */; };
		7EF479EDF2E740F0B6CFE910 /* EncodeSans-Medium.ttf in Resources */ = {isa = PBXBuildFile; fileRef = D8D78DCDC2F246ABBD906D92 /* EncodeSans-Medium.ttf */; };
		81AB9BB82411601600AC10FF /* LaunchScreen.storyboard in Resources */ = {isa = PBXBuildFile; fileRef = 81AB9BB72411601600AC10FF /* LaunchScreen.storyboard */; };
		833971FFE50D45DE864B6146 /* EncodeSans_Expanded-Light.ttf in Resources */ = {isa = PBXBuildFile; fileRef = 336A1F4E355C4A6CAB12494B /* EncodeSans_Expanded-Light.ttf */; };
		8B4B515E51BF4308B6B0E98D /* EncodeSans_SemiExpanded-Light.ttf in Resources */ = {isa = PBXBuildFile; fileRef = ECE64E630FE2423BA7261411 /* EncodeSans_SemiExpanded-Light.ttf */; };
		8B921F47D9994DB7BE26FB92 /* EncodeSans-Regular.ttf in Resources */ = {isa = PBXBuildFile; fileRef = 9331FEB8C9414544901A7DC2 /* EncodeSans-Regular.ttf */; };
		8C0852D8FF944B26902CF76D /* EncodeSans_Condensed-SemiBold.ttf in Resources */ = {isa = PBXBuildFile; fileRef = 6A092A9AC3CB421992B18F31 /* EncodeSans_Condensed-SemiBold.ttf */; };
		9329D3BAE145446BB530BCC0 /* MaterialCommunityIcons.ttf in Resources */ = {isa = PBXBuildFile; fileRef = F985C590384E44C391C66FEB /* MaterialCommunityIcons.ttf */; };
		989D29B8D12D4647B0FB6E43 /* EncodeSans_Expanded-Bold.ttf in Resources */ = {isa = PBXBuildFile; fileRef = 623E4A9707784039B97FF027 /* EncodeSans_Expanded-Bold.ttf */; };
		9B3F9B57EB2B442BB503CC56 /* EncodeSans_SemiCondensed-ExtraLight.ttf in Resources */ = {isa = PBXBuildFile; fileRef = 1F161AA3F8664509A384B59E /* EncodeSans_SemiCondensed-ExtraLight.ttf */; };
		9E2CB1EA9A5E4C23A992F27F /* EncodeSans_Expanded-ExtraBold.ttf in Resources */ = {isa = PBXBuildFile; fileRef = C1EE5E63F39A4E6992150A13 /* EncodeSans_Expanded-ExtraBold.ttf */; };
		9F0A515F1098491A9414AB4E /* Feather.ttf in Resources */ = {isa = PBXBuildFile; fileRef = ADC3F5191A16458EAA4773CE /* Feather.ttf */; };
		A270B29B6A614BCF98AE5C8C /* EncodeSans_Expanded-Regular.ttf in Resources */ = {isa = PBXBuildFile; fileRef = 61026381CFD84390991EDF44 /* EncodeSans_Expanded-Regular.ttf */; };
		A3BAC517C98748F9A5B7B8CA /* MaterialIcons.ttf in Resources */ = {isa = PBXBuildFile; fileRef = 65D8A9FED20C4E8E9E6E12CF /* MaterialIcons.ttf */; };
		AA25DC4C9FD94A5CB24D0797 /* Bitter-Regular.ttf in Resources */ = {isa = PBXBuildFile; fileRef = 739B94650B3942DC8895DBB3 /* Bitter-Regular.ttf */; };
		ADE57EF18D63463397F7F585 /* Bitter-SemiBoldItalic.ttf in Resources */ = {isa = PBXBuildFile; fileRef = 9B7BAFBFBCB4494486592BE4 /* Bitter-SemiBoldItalic.ttf */; };
		B281DB15FB2D48EE80F2FEED /* Bitter-SemiBold.ttf in Resources */ = {isa = PBXBuildFile; fileRef = CB6B403CB28F4377B318BC33 /* Bitter-SemiBold.ttf */; };
		BA43F150EF444EA7B88DA7B0 /* EncodeSans_SemiCondensed-Regular.ttf in Resources */ = {isa = PBXBuildFile; fileRef = 3E8DE03CB3E945D3B8D6A85F /* EncodeSans_SemiCondensed-Regular.ttf */; };
		BB14B604DED14AF392FA09D6 /* EncodeSans_SemiExpanded-Black.ttf in Resources */ = {isa = PBXBuildFile; fileRef = E93BAA963478448B9D44CFD8 /* EncodeSans_SemiExpanded-Black.ttf */; };
		BF8D35C6293D4282ABE4CE13 /* EncodeSans_SemiExpanded-Bold.ttf in Resources */ = {isa = PBXBuildFile; fileRef = 324915CAFDDF42D9946E7207 /* EncodeSans_SemiExpanded-Bold.ttf */; };
		C5F0369A665D4EE6B738EB5B /* Fontisto.ttf in Resources */ = {isa = PBXBuildFile; fileRef = 8553FDB5DC624A44ACE150E1 /* Fontisto.ttf */; };
		C89F3843F83D40EE8ABF95BA /* EncodeSans_SemiExpanded-ExtraBold.ttf in Resources */ = {isa = PBXBuildFile; fileRef = 08B172BEA14B47EDA0495F1C /* EncodeSans_SemiExpanded-ExtraBold.ttf */; };
		CDA3DCB838DD4A8C813374C9 /* Bitter-MediumItalic.ttf in Resources */ = {isa = PBXBuildFile; fileRef = A0E9E09E3CFF4AE79B6769F2 /* Bitter-MediumItalic.ttf */; };
		D23AE38CB3B74E4DBAEF2FB3 /* Bitter-VariableFont_wght.ttf in Resources */ = {isa = PBXBuildFile; fileRef = 5FD455857720489BB7C0DE17 /* Bitter-VariableFont_wght.ttf */; };
		D2A8237CFA67432C9D61F4B1 /* EncodeSans_Condensed-ExtraLight.ttf in Resources */ = {isa = PBXBuildFile; fileRef = 2C539C29EB1D495CA9C81529 /* EncodeSans_Condensed-ExtraLight.ttf */; };
		DD16EB48B8A242498A3892A1 /* EncodeSans-Thin.ttf in Resources */ = {isa = PBXBuildFile; fileRef = 6025899EB21847B89731F5FF /* EncodeSans-Thin.ttf */; };
		DEF0B62B00D74844BA9AC9B0 /* EncodeSans-VariableFont_wdth,wght.ttf in Resources */ = {isa = PBXBuildFile; fileRef = 8D1A388631E54FE48F6C159C /* EncodeSans-VariableFont_wdth,wght.ttf */; };
		E1F24356882746D9AC1399B4 /* EncodeSans-SemiBold.ttf in Resources */ = {isa = PBXBuildFile; fileRef = DD9DB31388D94142AD670A4D /* EncodeSans-SemiBold.ttf */; };
		E4450E1827FD405D951EC9BE /* Bitter-ExtraBold.ttf in Resources */ = {isa = PBXBuildFile; fileRef = FC47D8AFD0104869ABD8FC04 /* Bitter-ExtraBold.ttf */; };
		E542C9BE3C284D168ACA4198 /* SimpleLineIcons.ttf in Resources */ = {isa = PBXBuildFile; fileRef = 57E5C3D022F7412B87D4CC11 /* SimpleLineIcons.ttf */; };
		E5C10FE2730D4C31AB7B1117 /* EncodeSans_Condensed-Black.ttf in Resources */ = {isa = PBXBuildFile; fileRef = DB39C0D674D443359D8C2D02 /* EncodeSans_Condensed-Black.ttf */; };
		E5D89C51E88142E296C70108 /* EncodeSans_Expanded-ExtraLight.ttf in Resources */ = {isa = PBXBuildFile; fileRef = 272FB53484BD4650B61C60CE /* EncodeSans_Expanded-ExtraLight.ttf */; };
		E89EFD55D879434C8234DF29 /* Bitter-Light.ttf in Resources */ = {isa = PBXBuildFile; fileRef = 3B66F4337DDF436CAC12D438 /* Bitter-Light.ttf */; };
		F4046E7093564F13908DB86D /* EncodeSans_SemiCondensed-Thin.ttf in Resources */ = {isa = PBXBuildFile; fileRef = A38236B136674503B6BD18F7 /* EncodeSans_SemiCondensed-Thin.ttf */; };
		F59B9D00C08B487C9FD4CCBE /* EncodeSans_Expanded-SemiBold.ttf in Resources */ = {isa = PBXBuildFile; fileRef = FD29D178FE5B42C883C944C5 /* EncodeSans_Expanded-SemiBold.ttf */; };
		FEB7DC2AAE964B3B94163C40 /* EncodeSans_SemiCondensed-Medium.ttf in Resources */ = {isa = PBXBuildFile; fileRef = 3E08217D74434CD8AA20C385 /* EncodeSans_SemiCondensed-Medium.ttf */; };
		FF26D22B4CF643D3A36A6167 /* Bitter-ExtraLight.ttf in Resources */ = {isa = PBXBuildFile; fileRef = 565B47BF44A544D1B56E6B19 /* Bitter-ExtraLight.ttf */; };
/* End PBXBuildFile section */

/* Begin PBXContainerItemProxy section */
		00E356F41AD99517003FC87E /* PBXContainerItemProxy */ = {
			isa = PBXContainerItemProxy;
			containerPortal = 83CBB9F71A601CBA00E9B192 /* Project object */;
			proxyType = 1;
			remoteGlobalIDString = 13B07F861A680F5B00A75B9A;
			remoteInfo = Places2Stay;
		};
/* End PBXContainerItemProxy section */

/* Begin PBXFileReference section */
		00E356EE1AD99517003FC87E /* Places2StayTests.xctest */ = {isa = PBXFileReference; explicitFileType = wrapper.cfbundle; includeInIndex = 0; path = Places2StayTests.xctest; sourceTree = BUILT_PRODUCTS_DIR; };
		00E356F11AD99517003FC87E /* Info.plist */ = {isa = PBXFileReference; lastKnownFileType = text.plist.xml; path = Info.plist; sourceTree = "<group>"; };
		00E356F21AD99517003FC87E /* Places2StayTests.m */ = {isa = PBXFileReference; lastKnownFileType = sourcecode.c.objc; path = Places2StayTests.m; sourceTree = "<group>"; };
		08B172BEA14B47EDA0495F1C /* EncodeSans_SemiExpanded-ExtraBold.ttf */ = {isa = PBXFileReference; explicitFileType = undefined; fileEncoding = undefined; includeInIndex = 0; lastKnownFileType = unknown; name = "EncodeSans_SemiExpanded-ExtraBold.ttf"; path = "../src/asset/font/Encode_Sans/static/EncodeSans_SemiExpanded/EncodeSans_SemiExpanded-ExtraBold.ttf"; sourceTree = "<group>"; };
		096197062FE34FB8BED0937B /* EncodeSans-ExtraLight.ttf */ = {isa = PBXFileReference; explicitFileType = undefined; fileEncoding = undefined; includeInIndex = 0; lastKnownFileType = unknown; name = "EncodeSans-ExtraLight.ttf"; path = "../src/asset/font/Encode_Sans/static/EncodeSans/EncodeSans-ExtraLight.ttf"; sourceTree = "<group>"; };
		0A8564BFFCBA4084987C78B8 /* Bitter-LightItalic.ttf */ = {isa = PBXFileReference; explicitFileType = undefined; fileEncoding = undefined; includeInIndex = 0; lastKnownFileType = unknown; name = "Bitter-LightItalic.ttf"; path = "../src/asset/font/Bitter/static/Bitter-LightItalic.ttf"; sourceTree = "<group>"; };
		0B4EF651850D4FF3BD4D42BE /* EncodeSans_Expanded-Medium.ttf */ = {isa = PBXFileReference; explicitFileType = undefined; fileEncoding = undefined; includeInIndex = 0; lastKnownFileType = unknown; name = "EncodeSans_Expanded-Medium.ttf"; path = "../src/asset/font/Encode_Sans/static/EncodeSans_Expanded/EncodeSans_Expanded-Medium.ttf"; sourceTree = "<group>"; };
		0FC09FB9AFEA409C87AA29E6 /* EncodeSans_SemiCondensed-ExtraBold.ttf */ = {isa = PBXFileReference; explicitFileType = undefined; fileEncoding = undefined; includeInIndex = 0; lastKnownFileType = unknown; name = "EncodeSans_SemiCondensed-ExtraBold.ttf"; path = "../src/asset/font/Encode_Sans/static/EncodeSans_SemiCondensed/EncodeSans_SemiCondensed-ExtraBold.ttf"; sourceTree = "<group>"; };
		110C12055D8D4E0FA8A72F71 /* Zocial.ttf */ = {isa = PBXFileReference; explicitFileType = undefined; fileEncoding = undefined; includeInIndex = 0; lastKnownFileType = unknown; name = Zocial.ttf; path = "../node_modules/react-native-vector-icons/Fonts/Zocial.ttf"; sourceTree = "<group>"; };
		13B07F961A680F5B00A75B9A /* Places2Stay.app */ = {isa = PBXFileReference; explicitFileType = wrapper.application; includeInIndex = 0; path = Places2Stay.app; sourceTree = BUILT_PRODUCTS_DIR; };
		13B07FAF1A68108700A75B9A /* AppDelegate.h */ = {isa = PBXFileReference; fileEncoding = 4; lastKnownFileType = sourcecode.c.h; name = AppDelegate.h; path = Places2Stay/AppDelegate.h; sourceTree = "<group>"; };
		13B07FB01A68108700A75B9A /* AppDelegate.mm */ = {isa = PBXFileReference; fileEncoding = 4; lastKnownFileType = sourcecode.cpp.objcpp; name = AppDelegate.mm; path = Places2Stay/AppDelegate.mm; sourceTree = "<group>"; };
		13B07FB51A68108700A75B9A /* Images.xcassets */ = {isa = PBXFileReference; lastKnownFileType = folder.assetcatalog; name = Images.xcassets; path = Places2Stay/Images.xcassets; sourceTree = "<group>"; };
		13B07FB61A68108700A75B9A /* Info.plist */ = {isa = PBXFileReference; fileEncoding = 4; lastKnownFileType = text.plist.xml; name = Info.plist; path = Places2Stay/Info.plist; sourceTree = "<group>"; };
		13B07FB71A68108700A75B9A /* main.m */ = {isa = PBXFileReference; fileEncoding = 4; lastKnownFileType = sourcecode.c.objc; name = main.m; path = Places2Stay/main.m; sourceTree = "<group>"; };
		146E1F8C5C754FC3B05A9B15 /* Bitter-ExtraBoldItalic.ttf */ = {isa = PBXFileReference; explicitFileType = undefined; fileEncoding = undefined; includeInIndex = 0; lastKnownFileType = unknown; name = "Bitter-ExtraBoldItalic.ttf"; path = "../src/asset/font/Bitter/static/Bitter-ExtraBoldItalic.ttf"; sourceTree = "<group>"; };
		19F6CBCC0A4E27FBF8BF4A61 /* libPods-Places2Stay-Places2StayTests.a */ = {isa = PBXFileReference; explicitFileType = archive.ar; includeInIndex = 0; path = "libPods-Places2Stay-Places2StayTests.a"; sourceTree = BUILT_PRODUCTS_DIR; };
		1D09AE1136C94CE19041A60E /* FontAwesome5_Brands.ttf */ = {isa = PBXFileReference; explicitFileType = undefined; fileEncoding = undefined; includeInIndex = 0; lastKnownFileType = unknown; name = FontAwesome5_Brands.ttf; path = "../node_modules/react-native-vector-icons/Fonts/FontAwesome5_Brands.ttf"; sourceTree = "<group>"; };
		1F161AA3F8664509A384B59E /* EncodeSans_SemiCondensed-ExtraLight.ttf */ = {isa = PBXFileReference; explicitFileType = undefined; fileEncoding = undefined; includeInIndex = 0; lastKnownFileType = unknown; name = "EncodeSans_SemiCondensed-ExtraLight.ttf"; path = "../src/asset/font/Encode_Sans/static/EncodeSans_SemiCondensed/EncodeSans_SemiCondensed-ExtraLight.ttf"; sourceTree = "<group>"; };
		272FB53484BD4650B61C60CE /* EncodeSans_Expanded-ExtraLight.ttf */ = {isa = PBXFileReference; explicitFileType = undefined; fileEncoding = undefined; includeInIndex = 0; lastKnownFileType = unknown; name = "EncodeSans_Expanded-ExtraLight.ttf"; path = "../src/asset/font/Encode_Sans/static/EncodeSans_Expanded/EncodeSans_Expanded-ExtraLight.ttf"; sourceTree = "<group>"; };
		27F675E3F4E24013832D22A6 /* Bitter-BoldItalic.ttf */ = {isa = PBXFileReference; explicitFileType = undefined; fileEncoding = undefined; includeInIndex = 0; lastKnownFileType = unknown; name = "Bitter-BoldItalic.ttf"; path = "../src/asset/font/Bitter/static/Bitter-BoldItalic.ttf"; sourceTree = "<group>"; };
		2813123D7A0D476BBC2DD058 /* EncodeSans-Black.ttf */ = {isa = PBXFileReference; explicitFileType = undefined; fileEncoding = undefined; includeInIndex = 0; lastKnownFileType = unknown; name = "EncodeSans-Black.ttf"; path = "../src/asset/font/Encode_Sans/static/EncodeSans/EncodeSans-Black.ttf"; sourceTree = "<group>"; };
		2B16703C85B341BD9D98BA45 /* FontAwesome5_Regular.ttf */ = {isa = PBXFileReference; explicitFileType = undefined; fileEncoding = undefined; includeInIndex = 0; lastKnownFileType = unknown; name = FontAwesome5_Regular.ttf; path = "../node_modules/react-native-vector-icons/Fonts/FontAwesome5_Regular.ttf"; sourceTree = "<group>"; };
		2C539C29EB1D495CA9C81529 /* EncodeSans_Condensed-ExtraLight.ttf */ = {isa = PBXFileReference; explicitFileType = undefined; fileEncoding = undefined; includeInIndex = 0; lastKnownFileType = unknown; name = "EncodeSans_Condensed-ExtraLight.ttf"; path = "../src/asset/font/Encode_Sans/static/EncodeSans_Condensed/EncodeSans_Condensed-ExtraLight.ttf"; sourceTree = "<group>"; };
		31BF1CDC74EB48C5891D77B1 /* Bitter-Bold.ttf */ = {isa = PBXFileReference; explicitFileType = undefined; fileEncoding = undefined; includeInIndex = 0; lastKnownFileType = unknown; name = "Bitter-Bold.ttf"; path = "../src/asset/font/Bitter/static/Bitter-Bold.ttf"; sourceTree = "<group>"; };
		324915CAFDDF42D9946E7207 /* EncodeSans_SemiExpanded-Bold.ttf */ = {isa = PBXFileReference; explicitFileType = undefined; fileEncoding = undefined; includeInIndex = 0; lastKnownFileType = unknown; name = "EncodeSans_SemiExpanded-Bold.ttf"; path = "../src/asset/font/Encode_Sans/static/EncodeSans_SemiExpanded/EncodeSans_SemiExpanded-Bold.ttf"; sourceTree = "<group>"; };
		336A1F4E355C4A6CAB12494B /* EncodeSans_Expanded-Light.ttf */ = {isa = PBXFileReference; explicitFileType = undefined; fileEncoding = undefined; includeInIndex = 0; lastKnownFileType = unknown; name = "EncodeSans_Expanded-Light.ttf"; path = "../src/asset/font/Encode_Sans/static/EncodeSans_Expanded/EncodeSans_Expanded-Light.ttf"; sourceTree = "<group>"; };
		33CB11B5A9E74DF49ED41E7F /* EncodeSans-ExtraBold.ttf */ = {isa = PBXFileReference; explicitFileType = undefined; fileEncoding = undefined; includeInIndex = 0; lastKnownFileType = unknown; name = "EncodeSans-ExtraBold.ttf"; path = "../src/asset/font/Encode_Sans/static/EncodeSans/EncodeSans-ExtraBold.ttf"; sourceTree = "<group>"; };
		36F1834324FE44B49A4375E4 /* Entypo.ttf */ = {isa = PBXFileReference; explicitFileType = undefined; fileEncoding = undefined; includeInIndex = 0; lastKnownFileType = unknown; name = Entypo.ttf; path = "../node_modules/react-native-vector-icons/Fonts/Entypo.ttf"; sourceTree = "<group>"; };
		3B4392A12AC88292D35C810B /* Pods-Places2Stay.debug.xcconfig */ = {isa = PBXFileReference; includeInIndex = 1; lastKnownFileType = text.xcconfig; name = "Pods-Places2Stay.debug.xcconfig"; path = "Target Support Files/Pods-Places2Stay/Pods-Places2Stay.debug.xcconfig"; sourceTree = "<group>"; };
		3B66F4337DDF436CAC12D438 /* Bitter-Light.ttf */ = {isa = PBXFileReference; explicitFileType = undefined; fileEncoding = undefined; includeInIndex = 0; lastKnownFileType = unknown; name = "Bitter-Light.ttf"; path = "../src/asset/font/Bitter/static/Bitter-Light.ttf"; sourceTree = "<group>"; };
		3E08217D74434CD8AA20C385 /* EncodeSans_SemiCondensed-Medium.ttf */ = {isa = PBXFileReference; explicitFileType = undefined; fileEncoding = undefined; includeInIndex = 0; lastKnownFileType = unknown; name = "EncodeSans_SemiCondensed-Medium.ttf"; path = "../src/asset/font/Encode_Sans/static/EncodeSans_SemiCondensed/EncodeSans_SemiCondensed-Medium.ttf"; sourceTree = "<group>"; };
		3E8DE03CB3E945D3B8D6A85F /* EncodeSans_SemiCondensed-Regular.ttf */ = {isa = PBXFileReference; explicitFileType = undefined; fileEncoding = undefined; includeInIndex = 0; lastKnownFileType = unknown; name = "EncodeSans_SemiCondensed-Regular.ttf"; path = "../src/asset/font/Encode_Sans/static/EncodeSans_SemiCondensed/EncodeSans_SemiCondensed-Regular.ttf"; sourceTree = "<group>"; };
		4169BAE777834BC49FCC4DAB /* EncodeSans_Condensed-Thin.ttf */ = {isa = PBXFileReference; explicitFileType = undefined; fileEncoding = undefined; includeInIndex = 0; lastKnownFileType = unknown; name = "EncodeSans_Condensed-Thin.ttf"; path = "../src/asset/font/Encode_Sans/static/EncodeSans_Condensed/EncodeSans_Condensed-Thin.ttf"; sourceTree = "<group>"; };
		488D12D867F040E5A2B72325 /* EncodeSans_Condensed-Regular.ttf */ = {isa = PBXFileReference; explicitFileType = undefined; fileEncoding = undefined; includeInIndex = 0; lastKnownFileType = unknown; name = "EncodeSans_Condensed-Regular.ttf"; path = "../src/asset/font/Encode_Sans/static/EncodeSans_Condensed/EncodeSans_Condensed-Regular.ttf"; sourceTree = "<group>"; };
		4C4D52162457409FA2C6C151 /* EncodeSans_SemiExpanded-Medium.ttf */ = {isa = PBXFileReference; explicitFileType = undefined; fileEncoding = undefined; includeInIndex = 0; lastKnownFileType = unknown; name = "EncodeSans_SemiExpanded-Medium.ttf"; path = "../src/asset/font/Encode_Sans/static/EncodeSans_SemiExpanded/EncodeSans_SemiExpanded-Medium.ttf"; sourceTree = "<group>"; };
		4FAAAEF3D2004F4D89BDEB28 /* EncodeSans_SemiCondensed-Black.ttf */ = {isa = PBXFileReference; explicitFileType = undefined; fileEncoding = undefined; includeInIndex = 0; lastKnownFileType = unknown; name = "EncodeSans_SemiCondensed-Black.ttf"; path = "../src/asset/font/Encode_Sans/static/EncodeSans_SemiCondensed/EncodeSans_SemiCondensed-Black.ttf"; sourceTree = "<group>"; };
		552F9D742CEE4145B32F62F2 /* EncodeSans_Condensed-ExtraBold.ttf */ = {isa = PBXFileReference; explicitFileType = undefined; fileEncoding = undefined; includeInIndex = 0; lastKnownFileType = unknown; name = "EncodeSans_Condensed-ExtraBold.ttf"; path = "../src/asset/font/Encode_Sans/static/EncodeSans_Condensed/EncodeSans_Condensed-ExtraBold.ttf"; sourceTree = "<group>"; };
		565B47BF44A544D1B56E6B19 /* Bitter-ExtraLight.ttf */ = {isa = PBXFileReference; explicitFileType = undefined; fileEncoding = undefined; includeInIndex = 0; lastKnownFileType = unknown; name = "Bitter-ExtraLight.ttf"; path = "../src/asset/font/Bitter/static/Bitter-ExtraLight.ttf"; sourceTree = "<group>"; };
		5709B34CF0A7D63546082F79 /* Pods-Places2Stay.release.xcconfig */ = {isa = PBXFileReference; includeInIndex = 1; lastKnownFileType = text.xcconfig; name = "Pods-Places2Stay.release.xcconfig"; path = "Target Support Files/Pods-Places2Stay/Pods-Places2Stay.release.xcconfig"; sourceTree = "<group>"; };
		57E5C3D022F7412B87D4CC11 /* SimpleLineIcons.ttf */ = {isa = PBXFileReference; explicitFileType = undefined; fileEncoding = undefined; includeInIndex = 0; lastKnownFileType = unknown; name = SimpleLineIcons.ttf; path = "../node_modules/react-native-vector-icons/Fonts/SimpleLineIcons.ttf"; sourceTree = "<group>"; };
		5B7EB9410499542E8C5724F5 /* Pods-Places2Stay-Places2StayTests.debug.xcconfig */ = {isa = PBXFileReference; includeInIndex = 1; lastKnownFileType = text.xcconfig; name = "Pods-Places2Stay-Places2StayTests.debug.xcconfig"; path = "Target Support Files/Pods-Places2Stay-Places2StayTests/Pods-Places2Stay-Places2StayTests.debug.xcconfig"; sourceTree = "<group>"; };
		5DCACB8F33CDC322A6C60F78 /* libPods-Places2Stay.a */ = {isa = PBXFileReference; explicitFileType = archive.ar; includeInIndex = 0; path = "libPods-Places2Stay.a"; sourceTree = BUILT_PRODUCTS_DIR; };
		5FD455857720489BB7C0DE17 /* Bitter-VariableFont_wght.ttf */ = {isa = PBXFileReference; explicitFileType = undefined; fileEncoding = undefined; includeInIndex = 0; lastKnownFileType = unknown; name = "Bitter-VariableFont_wght.ttf"; path = "../src/asset/font/Bitter/Bitter-VariableFont_wght.ttf"; sourceTree = "<group>"; };
		6025899EB21847B89731F5FF /* EncodeSans-Thin.ttf */ = {isa = PBXFileReference; explicitFileType = undefined; fileEncoding = undefined; includeInIndex = 0; lastKnownFileType = unknown; name = "EncodeSans-Thin.ttf"; path = "../src/asset/font/Encode_Sans/static/EncodeSans/EncodeSans-Thin.ttf"; sourceTree = "<group>"; };
		61026381CFD84390991EDF44 /* EncodeSans_Expanded-Regular.ttf */ = {isa = PBXFileReference; explicitFileType = undefined; fileEncoding = undefined; includeInIndex = 0; lastKnownFileType = unknown; name = "EncodeSans_Expanded-Regular.ttf"; path = "../src/asset/font/Encode_Sans/static/EncodeSans_Expanded/EncodeSans_Expanded-Regular.ttf"; sourceTree = "<group>"; };
		623E4A9707784039B97FF027 /* EncodeSans_Expanded-Bold.ttf */ = {isa = PBXFileReference; explicitFileType = undefined; fileEncoding = undefined; includeInIndex = 0; lastKnownFileType = unknown; name = "EncodeSans_Expanded-Bold.ttf"; path = "../src/asset/font/Encode_Sans/static/EncodeSans_Expanded/EncodeSans_Expanded-Bold.ttf"; sourceTree = "<group>"; };
		65D8A9FED20C4E8E9E6E12CF /* MaterialIcons.ttf */ = {isa = PBXFileReference; explicitFileType = undefined; fileEncoding = undefined; includeInIndex = 0; lastKnownFileType = unknown; name = MaterialIcons.ttf; path = "../node_modules/react-native-vector-icons/Fonts/MaterialIcons.ttf"; sourceTree = "<group>"; };
		6A092A9AC3CB421992B18F31 /* EncodeSans_Condensed-SemiBold.ttf */ = {isa = PBXFileReference; explicitFileType = undefined; fileEncoding = undefined; includeInIndex = 0; lastKnownFileType = unknown; name = "EncodeSans_Condensed-SemiBold.ttf"; path = "../src/asset/font/Encode_Sans/static/EncodeSans_Condensed/EncodeSans_Condensed-SemiBold.ttf"; sourceTree = "<group>"; };
		721F546F3C2843F4BA425686 /* EncodeSans_Condensed-Medium.ttf */ = {isa = PBXFileReference; explicitFileType = undefined; fileEncoding = undefined; includeInIndex = 0; lastKnownFileType = unknown; name = "EncodeSans_Condensed-Medium.ttf"; path = "../src/asset/font/Encode_Sans/static/EncodeSans_Condensed/EncodeSans_Condensed-Medium.ttf"; sourceTree = "<group>"; };
		739B94650B3942DC8895DBB3 /* Bitter-Regular.ttf */ = {isa = PBXFileReference; explicitFileType = undefined; fileEncoding = undefined; includeInIndex = 0; lastKnownFileType = unknown; name = "Bitter-Regular.ttf"; path = "../src/asset/font/Bitter/static/Bitter-Regular.ttf"; sourceTree = "<group>"; };
		81836C8D430344B88C2FBC37 /* Bitter-Italic.ttf */ = {isa = PBXFileReference; explicitFileType = undefined; fileEncoding = undefined; includeInIndex = 0; lastKnownFileType = unknown; name = "Bitter-Italic.ttf"; path = "../src/asset/font/Bitter/static/Bitter-Italic.ttf"; sourceTree = "<group>"; };
		81AB9BB72411601600AC10FF /* LaunchScreen.storyboard */ = {isa = PBXFileReference; fileEncoding = 4; lastKnownFileType = file.storyboard; name = LaunchScreen.storyboard; path = Places2Stay/LaunchScreen.storyboard; sourceTree = "<group>"; };
		8372C068571A4E81809802DE /* EncodeSans_Expanded-Black.ttf */ = {isa = PBXFileReference; explicitFileType = undefined; fileEncoding = undefined; includeInIndex = 0; lastKnownFileType = unknown; name = "EncodeSans_Expanded-Black.ttf"; path = "../src/asset/font/Encode_Sans/static/EncodeSans_Expanded/EncodeSans_Expanded-Black.ttf"; sourceTree = "<group>"; };
		8553FDB5DC624A44ACE150E1 /* Fontisto.ttf */ = {isa = PBXFileReference; explicitFileType = undefined; fileEncoding = undefined; includeInIndex = 0; lastKnownFileType = unknown; name = Fontisto.ttf; path = "../node_modules/react-native-vector-icons/Fonts/Fontisto.ttf"; sourceTree = "<group>"; };
		88AE02D1A7A64DAEB0D0FE7E /* AntDesign.ttf */ = {isa = PBXFileReference; explicitFileType = undefined; fileEncoding = undefined; includeInIndex = 0; lastKnownFileType = unknown; name = AntDesign.ttf; path = "../node_modules/react-native-vector-icons/Fonts/AntDesign.ttf"; sourceTree = "<group>"; };
		89C6BE57DB24E9ADA2F236DE /* Pods-Places2Stay-Places2StayTests.release.xcconfig */ = {isa = PBXFileReference; includeInIndex = 1; lastKnownFileType = text.xcconfig; name = "Pods-Places2Stay-Places2StayTests.release.xcconfig"; path = "Target Support Files/Pods-Places2Stay-Places2StayTests/Pods-Places2Stay-Places2StayTests.release.xcconfig"; sourceTree = "<group>"; };
		8D1A388631E54FE48F6C159C /* EncodeSans-VariableFont_wdth,wght.ttf */ = {isa = PBXFileReference; explicitFileType = undefined; fileEncoding = undefined; includeInIndex = 0; lastKnownFileType = unknown; name = "EncodeSans-VariableFont_wdth,wght.ttf"; path = "../src/asset/font/Encode_Sans/EncodeSans-VariableFont_wdth,wght.ttf"; sourceTree = "<group>"; };
		8E4A951ADF5B4B5CA1F5BD75 /* EncodeSans_Condensed-Bold.ttf */ = {isa = PBXFileReference; explicitFileType = undefined; fileEncoding = undefined; includeInIndex = 0; lastKnownFileType = unknown; name = "EncodeSans_Condensed-Bold.ttf"; path = "../src/asset/font/Encode_Sans/static/EncodeSans_Condensed/EncodeSans_Condensed-Bold.ttf"; sourceTree = "<group>"; };
		9331FEB8C9414544901A7DC2 /* EncodeSans-Regular.ttf */ = {isa = PBXFileReference; explicitFileType = undefined; fileEncoding = undefined; includeInIndex = 0; lastKnownFileType = unknown; name = "EncodeSans-Regular.ttf"; path = "../src/asset/font/Encode_Sans/static/EncodeSans/EncodeSans-Regular.ttf"; sourceTree = "<group>"; };
		95440F56FAB54679B71D1633 /* Bitter-BlackItalic.ttf */ = {isa = PBXFileReference; explicitFileType = undefined; fileEncoding = undefined; includeInIndex = 0; lastKnownFileType = unknown; name = "Bitter-BlackItalic.ttf"; path = "../src/asset/font/Bitter/static/Bitter-BlackItalic.ttf"; sourceTree = "<group>"; };
		97B5FB7A3AE145E18D5467E6 /* EncodeSans_SemiExpanded-Regular.ttf */ = {isa = PBXFileReference; explicitFileType = undefined; fileEncoding = undefined; includeInIndex = 0; lastKnownFileType = unknown; name = "EncodeSans_SemiExpanded-Regular.ttf"; path = "../src/asset/font/Encode_Sans/static/EncodeSans_SemiExpanded/EncodeSans_SemiExpanded-Regular.ttf"; sourceTree = "<group>"; };
		9B2C7E3DAE5A46C1A9B2C54B /* Bitter-ThinItalic.ttf */ = {isa = PBXFileReference; explicitFileType = undefined; fileEncoding = undefined; includeInIndex = 0; lastKnownFileType = unknown; name = "Bitter-ThinItalic.ttf"; path = "../src/asset/font/Bitter/static/Bitter-ThinItalic.ttf"; sourceTree = "<group>"; };
		9B7BAFBFBCB4494486592BE4 /* Bitter-SemiBoldItalic.ttf */ = {isa = PBXFileReference; explicitFileType = undefined; fileEncoding = undefined; includeInIndex = 0; lastKnownFileType = unknown; name = "Bitter-SemiBoldItalic.ttf"; path = "../src/asset/font/Bitter/static/Bitter-SemiBoldItalic.ttf"; sourceTree = "<group>"; };
		A0E9E09E3CFF4AE79B6769F2 /* Bitter-MediumItalic.ttf */ = {isa = PBXFileReference; explicitFileType = undefined; fileEncoding = undefined; includeInIndex = 0; lastKnownFileType = unknown; name = "Bitter-MediumItalic.ttf"; path = "../src/asset/font/Bitter/static/Bitter-MediumItalic.ttf"; sourceTree = "<group>"; };
		A38236B136674503B6BD18F7 /* EncodeSans_SemiCondensed-Thin.ttf */ = {isa = PBXFileReference; explicitFileType = undefined; fileEncoding = undefined; includeInIndex = 0; lastKnownFileType = unknown; name = "EncodeSans_SemiCondensed-Thin.ttf"; path = "../src/asset/font/Encode_Sans/static/EncodeSans_SemiCondensed/EncodeSans_SemiCondensed-Thin.ttf"; sourceTree = "<group>"; };
		A80B7FA861B24F379A76A8E0 /* Ionicons.ttf */ = {isa = PBXFileReference; explicitFileType = undefined; fileEncoding = undefined; includeInIndex = 0; lastKnownFileType = unknown; name = Ionicons.ttf; path = "../node_modules/react-native-vector-icons/Fonts/Ionicons.ttf"; sourceTree = "<group>"; };
		ABF9141771964ABBAF2ABA55 /* FontAwesome.ttf */ = {isa = PBXFileReference; explicitFileType = undefined; fileEncoding = undefined; includeInIndex = 0; lastKnownFileType = unknown; name = FontAwesome.ttf; path = "../node_modules/react-native-vector-icons/Fonts/FontAwesome.ttf"; sourceTree = "<group>"; };
		ADB0FF2BB8164626AF13E643 /* Bitter-Thin.ttf */ = {isa = PBXFileReference; explicitFileType = undefined; fileEncoding = undefined; includeInIndex = 0; lastKnownFileType = unknown; name = "Bitter-Thin.ttf"; path = "../src/asset/font/Bitter/static/Bitter-Thin.ttf"; sourceTree = "<group>"; };
		ADC3F5191A16458EAA4773CE /* Feather.ttf */ = {isa = PBXFileReference; explicitFileType = undefined; fileEncoding = undefined; includeInIndex = 0; lastKnownFileType = unknown; name = Feather.ttf; path = "../node_modules/react-native-vector-icons/Fonts/Feather.ttf"; sourceTree = "<group>"; };
		B32121F7DB56440D882A39C6 /* EncodeSans_SemiCondensed-Bold.ttf */ = {isa = PBXFileReference; explicitFileType = undefined; fileEncoding = undefined; includeInIndex = 0; lastKnownFileType = unknown; name = "EncodeSans_SemiCondensed-Bold.ttf"; path = "../src/asset/font/Encode_Sans/static/EncodeSans_SemiCondensed/EncodeSans_SemiCondensed-Bold.ttf"; sourceTree = "<group>"; };
		B3C2B0CA91704B7885B049B5 /* EncodeSans-Bold.ttf */ = {isa = PBXFileReference; explicitFileType = undefined; fileEncoding = undefined; includeInIndex = 0; lastKnownFileType = unknown; name = "EncodeSans-Bold.ttf"; path = "../src/asset/font/Encode_Sans/static/EncodeSans/EncodeSans-Bold.ttf"; sourceTree = "<group>"; };
		B6ABBBD71732473A980C2B67 /* Foundation.ttf */ = {isa = PBXFileReference; explicitFileType = undefined; fileEncoding = undefined; includeInIndex = 0; lastKnownFileType = unknown; name = Foundation.ttf; path = "../node_modules/react-native-vector-icons/Fonts/Foundation.ttf"; sourceTree = "<group>"; };
		C1EE5E63F39A4E6992150A13 /* EncodeSans_Expanded-ExtraBold.ttf */ = {isa = PBXFileReference; explicitFileType = undefined; fileEncoding = undefined; includeInIndex = 0; lastKnownFileType = unknown; name = "EncodeSans_Expanded-ExtraBold.ttf"; path = "../src/asset/font/Encode_Sans/static/EncodeSans_Expanded/EncodeSans_Expanded-ExtraBold.ttf"; sourceTree = "<group>"; };
		C3E27CA219BD4DBA98B11BC5 /* EncodeSans_Expanded-Thin.ttf */ = {isa = PBXFileReference; explicitFileType = undefined; fileEncoding = undefined; includeInIndex = 0; lastKnownFileType = unknown; name = "EncodeSans_Expanded-Thin.ttf"; path = "../src/asset/font/Encode_Sans/static/EncodeSans_Expanded/EncodeSans_Expanded-Thin.ttf"; sourceTree = "<group>"; };
		CA6B8CBB95454A20A5CA3B83 /* EncodeSans_SemiCondensed-SemiBold.ttf */ = {isa = PBXFileReference; explicitFileType = undefined; fileEncoding = undefined; includeInIndex = 0; lastKnownFileType = unknown; name = "EncodeSans_SemiCondensed-SemiBold.ttf"; path = "../src/asset/font/Encode_Sans/static/EncodeSans_SemiCondensed/EncodeSans_SemiCondensed-SemiBold.ttf"; sourceTree = "<group>"; };
		CB6B403CB28F4377B318BC33 /* Bitter-SemiBold.ttf */ = {isa = PBXFileReference; explicitFileType = undefined; fileEncoding = undefined; includeInIndex = 0; lastKnownFileType = unknown; name = "Bitter-SemiBold.ttf"; path = "../src/asset/font/Bitter/static/Bitter-SemiBold.ttf"; sourceTree = "<group>"; };
		CFE6671E3392453E9580E294 /* Octicons.ttf */ = {isa = PBXFileReference; explicitFileType = undefined; fileEncoding = undefined; includeInIndex = 0; lastKnownFileType = unknown; name = Octicons.ttf; path = "../node_modules/react-native-vector-icons/Fonts/Octicons.ttf"; sourceTree = "<group>"; };
		D107C46F303045DFAF657B70 /* Bitter-Medium.ttf */ = {isa = PBXFileReference; explicitFileType = undefined; fileEncoding = undefined; includeInIndex = 0; lastKnownFileType = unknown; name = "Bitter-Medium.ttf"; path = "../src/asset/font/Bitter/static/Bitter-Medium.ttf"; sourceTree = "<group>"; };
		D511859E8D23405CB4D7EC7A /* EvilIcons.ttf */ = {isa = PBXFileReference; explicitFileType = undefined; fileEncoding = undefined; includeInIndex = 0; lastKnownFileType = unknown; name = EvilIcons.ttf; path = "../node_modules/react-native-vector-icons/Fonts/EvilIcons.ttf"; sourceTree = "<group>"; };
		D661B98EE17C427B9350FEE0 /* EncodeSans_SemiExpanded-Thin.ttf */ = {isa = PBXFileReference; explicitFileType = undefined; fileEncoding = undefined; includeInIndex = 0; lastKnownFileType = unknown; name = "EncodeSans_SemiExpanded-Thin.ttf"; path = "../src/asset/font/Encode_Sans/static/EncodeSans_SemiExpanded/EncodeSans_SemiExpanded-Thin.ttf"; sourceTree = "<group>"; };
		D8D78DCDC2F246ABBD906D92 /* EncodeSans-Medium.ttf */ = {isa = PBXFileReference; explicitFileType = undefined; fileEncoding = undefined; includeInIndex = 0; lastKnownFileType = unknown; name = "EncodeSans-Medium.ttf"; path = "../src/asset/font/Encode_Sans/static/EncodeSans/EncodeSans-Medium.ttf"; sourceTree = "<group>"; };
		DB39C0D674D443359D8C2D02 /* EncodeSans_Condensed-Black.ttf */ = {isa = PBXFileReference; explicitFileType = undefined; fileEncoding = undefined; includeInIndex = 0; lastKnownFileType = unknown; name = "EncodeSans_Condensed-Black.ttf"; path = "../src/asset/font/Encode_Sans/static/EncodeSans_Condensed/EncodeSans_Condensed-Black.ttf"; sourceTree = "<group>"; };
		DBA297A11E4844AA8E3F714A /* Bitter-Italic-VariableFont_wght.ttf */ = {isa = PBXFileReference; explicitFileType = undefined; fileEncoding = undefined; includeInIndex = 0; lastKnownFileType = unknown; name = "Bitter-Italic-VariableFont_wght.ttf"; path = "../src/asset/font/Bitter/Bitter-Italic-VariableFont_wght.ttf"; sourceTree = "<group>"; };
		DD2E7A0BCA54441AAF56D475 /* EncodeSans_SemiExpanded-ExtraLight.ttf */ = {isa = PBXFileReference; explicitFileType = undefined; fileEncoding = undefined; includeInIndex = 0; lastKnownFileType = unknown; name = "EncodeSans_SemiExpanded-ExtraLight.ttf"; path = "../src/asset/font/Encode_Sans/static/EncodeSans_SemiExpanded/EncodeSans_SemiExpanded-ExtraLight.ttf"; sourceTree = "<group>"; };
		DD9DB31388D94142AD670A4D /* EncodeSans-SemiBold.ttf */ = {isa = PBXFileReference; explicitFileType = undefined; fileEncoding = undefined; includeInIndex = 0; lastKnownFileType = unknown; name = "EncodeSans-SemiBold.ttf"; path = "../src/asset/font/Encode_Sans/static/EncodeSans/EncodeSans-SemiBold.ttf"; sourceTree = "<group>"; };
		DE290E5A300B4A938F76F006 /* EncodeSans_Condensed-Light.ttf */ = {isa = PBXFileReference; explicitFileType = undefined; fileEncoding = undefined; includeInIndex = 0; lastKnownFileType = unknown; name = "EncodeSans_Condensed-Light.ttf"; path = "../src/asset/font/Encode_Sans/static/EncodeSans_Condensed/EncodeSans_Condensed-Light.ttf"; sourceTree = "<group>"; };
		E1E1666357324C599C3D6B7A /* EncodeSans_SemiCondensed-Light.ttf */ = {isa = PBXFileReference; explicitFileType = undefined; fileEncoding = undefined; includeInIndex = 0; lastKnownFileType = unknown; name = "EncodeSans_SemiCondensed-Light.ttf"; path = "../src/asset/font/Encode_Sans/static/EncodeSans_SemiCondensed/EncodeSans_SemiCondensed-Light.ttf"; sourceTree = "<group>"; };
		E41DE5F9951E4D5FBC4EF80A /* EncodeSans-Light.ttf */ = {isa = PBXFileReference; explicitFileType = undefined; fileEncoding = undefined; includeInIndex = 0; lastKnownFileType = unknown; name = "EncodeSans-Light.ttf"; path = "../src/asset/font/Encode_Sans/static/EncodeSans/EncodeSans-Light.ttf"; sourceTree = "<group>"; };
		E93BAA963478448B9D44CFD8 /* EncodeSans_SemiExpanded-Black.ttf */ = {isa = PBXFileReference; explicitFileType = undefined; fileEncoding = undefined; includeInIndex = 0; lastKnownFileType = unknown; name = "EncodeSans_SemiExpanded-Black.ttf"; path = "../src/asset/font/Encode_Sans/static/EncodeSans_SemiExpanded/EncodeSans_SemiExpanded-Black.ttf"; sourceTree = "<group>"; };
		ECE64E630FE2423BA7261411 /* EncodeSans_SemiExpanded-Light.ttf */ = {isa = PBXFileReference; explicitFileType = undefined; fileEncoding = undefined; includeInIndex = 0; lastKnownFileType = unknown; name = "EncodeSans_SemiExpanded-Light.ttf"; path = "../src/asset/font/Encode_Sans/static/EncodeSans_SemiExpanded/EncodeSans_SemiExpanded-Light.ttf"; sourceTree = "<group>"; };
		ED297162215061F000B7C4FE /* JavaScriptCore.framework */ = {isa = PBXFileReference; lastKnownFileType = wrapper.framework; name = JavaScriptCore.framework; path = System/Library/Frameworks/JavaScriptCore.framework; sourceTree = SDKROOT; };
		EDDE0B2D5FAC4245B971B35B /* EncodeSans_SemiExpanded-SemiBold.ttf */ = {isa = PBXFileReference; explicitFileType = undefined; fileEncoding = undefined; includeInIndex = 0; lastKnownFileType = unknown; name = "EncodeSans_SemiExpanded-SemiBold.ttf"; path = "../src/asset/font/Encode_Sans/static/EncodeSans_SemiExpanded/EncodeSans_SemiExpanded-SemiBold.ttf"; sourceTree = "<group>"; };
		F985C590384E44C391C66FEB /* MaterialCommunityIcons.ttf */ = {isa = PBXFileReference; explicitFileType = undefined; fileEncoding = undefined; includeInIndex = 0; lastKnownFileType = unknown; name = MaterialCommunityIcons.ttf; path = "../node_modules/react-native-vector-icons/Fonts/MaterialCommunityIcons.ttf"; sourceTree = "<group>"; };
		F9D957306D4A4037BDF1DC9E /* Bitter-ExtraLightItalic.ttf */ = {isa = PBXFileReference; explicitFileType = undefined; fileEncoding = undefined; includeInIndex = 0; lastKnownFileType = unknown; name = "Bitter-ExtraLightItalic.ttf"; path = "../src/asset/font/Bitter/static/Bitter-ExtraLightItalic.ttf"; sourceTree = "<group>"; };
		FA2317A6D1904B819F66BA87 /* FontAwesome5_Solid.ttf */ = {isa = PBXFileReference; explicitFileType = undefined; fileEncoding = undefined; includeInIndex = 0; lastKnownFileType = unknown; name = FontAwesome5_Solid.ttf; path = "../node_modules/react-native-vector-icons/Fonts/FontAwesome5_Solid.ttf"; sourceTree = "<group>"; };
		FC47D8AFD0104869ABD8FC04 /* Bitter-ExtraBold.ttf */ = {isa = PBXFileReference; explicitFileType = undefined; fileEncoding = undefined; includeInIndex = 0; lastKnownFileType = unknown; name = "Bitter-ExtraBold.ttf"; path = "../src/asset/font/Bitter/static/Bitter-ExtraBold.ttf"; sourceTree = "<group>"; };
		FC7DE815906E4FB7A0EE9454 /* Bitter-Black.ttf */ = {isa = PBXFileReference; explicitFileType = undefined; fileEncoding = undefined; includeInIndex = 0; lastKnownFileType = unknown; name = "Bitter-Black.ttf"; path = "../src/asset/font/Bitter/static/Bitter-Black.ttf"; sourceTree = "<group>"; };
		FD29D178FE5B42C883C944C5 /* EncodeSans_Expanded-SemiBold.ttf */ = {isa = PBXFileReference; explicitFileType = undefined; fileEncoding = undefined; includeInIndex = 0; lastKnownFileType = unknown; name = "EncodeSans_Expanded-SemiBold.ttf"; path = "../src/asset/font/Encode_Sans/static/EncodeSans_Expanded/EncodeSans_Expanded-SemiBold.ttf"; sourceTree = "<group>"; };
/* End PBXFileReference section */

/* Begin PBXFrameworksBuildPhase section */
		00E356EB1AD99517003FC87E /* Frameworks */ = {
			isa = PBXFrameworksBuildPhase;
			buildActionMask = 2147483647;
			files = (
				7699B88040F8A987B510C191 /* libPods-Places2Stay-Places2StayTests.a in Frameworks */,
			);
			runOnlyForDeploymentPostprocessing = 0;
		};
		13B07F8C1A680F5B00A75B9A /* Frameworks */ = {
			isa = PBXFrameworksBuildPhase;
			buildActionMask = 2147483647;
			files = (
				0C80B921A6F3F58F76C31292 /* libPods-Places2Stay.a in Frameworks */,
			);
			runOnlyForDeploymentPostprocessing = 0;
		};
/* End PBXFrameworksBuildPhase section */

/* Begin PBXGroup section */
		00E356EF1AD99517003FC87E /* Places2StayTests */ = {
			isa = PBXGroup;
			children = (
				00E356F21AD99517003FC87E /* Places2StayTests.m */,
				00E356F01AD99517003FC87E /* Supporting Files */,
			);
			path = Places2StayTests;
			sourceTree = "<group>";
		};
		00E356F01AD99517003FC87E /* Supporting Files */ = {
			isa = PBXGroup;
			children = (
				00E356F11AD99517003FC87E /* Info.plist */,
			);
			name = "Supporting Files";
			sourceTree = "<group>";
		};
		13B07FAE1A68108700A75B9A /* Places2Stay */ = {
			isa = PBXGroup;
			children = (
				13B07FAF1A68108700A75B9A /* AppDelegate.h */,
				13B07FB01A68108700A75B9A /* AppDelegate.mm */,
				13B07FB51A68108700A75B9A /* Images.xcassets */,
				13B07FB61A68108700A75B9A /* Info.plist */,
				81AB9BB72411601600AC10FF /* LaunchScreen.storyboard */,
				13B07FB71A68108700A75B9A /* main.m */,
			);
			name = Places2Stay;
			sourceTree = "<group>";
		};
		2D16E6871FA4F8E400B85C8A /* Frameworks */ = {
			isa = PBXGroup;
			children = (
				ED297162215061F000B7C4FE /* JavaScriptCore.framework */,
				5DCACB8F33CDC322A6C60F78 /* libPods-Places2Stay.a */,
				19F6CBCC0A4E27FBF8BF4A61 /* libPods-Places2Stay-Places2StayTests.a */,
			);
			name = Frameworks;
			sourceTree = "<group>";
		};
		343F885BEEA8406A86188657 /* Resources */ = {
			isa = PBXGroup;
			children = (
				DBA297A11E4844AA8E3F714A /* Bitter-Italic-VariableFont_wght.ttf */,
				5FD455857720489BB7C0DE17 /* Bitter-VariableFont_wght.ttf */,
				FC7DE815906E4FB7A0EE9454 /* Bitter-Black.ttf */,
				95440F56FAB54679B71D1633 /* Bitter-BlackItalic.ttf */,
				31BF1CDC74EB48C5891D77B1 /* Bitter-Bold.ttf */,
				27F675E3F4E24013832D22A6 /* Bitter-BoldItalic.ttf */,
				FC47D8AFD0104869ABD8FC04 /* Bitter-ExtraBold.ttf */,
				146E1F8C5C754FC3B05A9B15 /* Bitter-ExtraBoldItalic.ttf */,
				565B47BF44A544D1B56E6B19 /* Bitter-ExtraLight.ttf */,
				F9D957306D4A4037BDF1DC9E /* Bitter-ExtraLightItalic.ttf */,
				81836C8D430344B88C2FBC37 /* Bitter-Italic.ttf */,
				3B66F4337DDF436CAC12D438 /* Bitter-Light.ttf */,
				0A8564BFFCBA4084987C78B8 /* Bitter-LightItalic.ttf */,
				D107C46F303045DFAF657B70 /* Bitter-Medium.ttf */,
				A0E9E09E3CFF4AE79B6769F2 /* Bitter-MediumItalic.ttf */,
				739B94650B3942DC8895DBB3 /* Bitter-Regular.ttf */,
				CB6B403CB28F4377B318BC33 /* Bitter-SemiBold.ttf */,
				9B7BAFBFBCB4494486592BE4 /* Bitter-SemiBoldItalic.ttf */,
				ADB0FF2BB8164626AF13E643 /* Bitter-Thin.ttf */,
				9B2C7E3DAE5A46C1A9B2C54B /* Bitter-ThinItalic.ttf */,
				8D1A388631E54FE48F6C159C /* EncodeSans-VariableFont_wdth,wght.ttf */,
				DB39C0D674D443359D8C2D02 /* EncodeSans_Condensed-Black.ttf */,
				8E4A951ADF5B4B5CA1F5BD75 /* EncodeSans_Condensed-Bold.ttf */,
				552F9D742CEE4145B32F62F2 /* EncodeSans_Condensed-ExtraBold.ttf */,
				2C539C29EB1D495CA9C81529 /* EncodeSans_Condensed-ExtraLight.ttf */,
				DE290E5A300B4A938F76F006 /* EncodeSans_Condensed-Light.ttf */,
				721F546F3C2843F4BA425686 /* EncodeSans_Condensed-Medium.ttf */,
				488D12D867F040E5A2B72325 /* EncodeSans_Condensed-Regular.ttf */,
				6A092A9AC3CB421992B18F31 /* EncodeSans_Condensed-SemiBold.ttf */,
				4169BAE777834BC49FCC4DAB /* EncodeSans_Condensed-Thin.ttf */,
				8372C068571A4E81809802DE /* EncodeSans_Expanded-Black.ttf */,
				623E4A9707784039B97FF027 /* EncodeSans_Expanded-Bold.ttf */,
				C1EE5E63F39A4E6992150A13 /* EncodeSans_Expanded-ExtraBold.ttf */,
				272FB53484BD4650B61C60CE /* EncodeSans_Expanded-ExtraLight.ttf */,
				336A1F4E355C4A6CAB12494B /* EncodeSans_Expanded-Light.ttf */,
				0B4EF651850D4FF3BD4D42BE /* EncodeSans_Expanded-Medium.ttf */,
				61026381CFD84390991EDF44 /* EncodeSans_Expanded-Regular.ttf */,
				FD29D178FE5B42C883C944C5 /* EncodeSans_Expanded-SemiBold.ttf */,
				C3E27CA219BD4DBA98B11BC5 /* EncodeSans_Expanded-Thin.ttf */,
				4FAAAEF3D2004F4D89BDEB28 /* EncodeSans_SemiCondensed-Black.ttf */,
				B32121F7DB56440D882A39C6 /* EncodeSans_SemiCondensed-Bold.ttf */,
				0FC09FB9AFEA409C87AA29E6 /* EncodeSans_SemiCondensed-ExtraBold.ttf */,
				1F161AA3F8664509A384B59E /* EncodeSans_SemiCondensed-ExtraLight.ttf */,
				E1E1666357324C599C3D6B7A /* EncodeSans_SemiCondensed-Light.ttf */,
				3E08217D74434CD8AA20C385 /* EncodeSans_SemiCondensed-Medium.ttf */,
				3E8DE03CB3E945D3B8D6A85F /* EncodeSans_SemiCondensed-Regular.ttf */,
				CA6B8CBB95454A20A5CA3B83 /* EncodeSans_SemiCondensed-SemiBold.ttf */,
				A38236B136674503B6BD18F7 /* EncodeSans_SemiCondensed-Thin.ttf */,
				E93BAA963478448B9D44CFD8 /* EncodeSans_SemiExpanded-Black.ttf */,
				324915CAFDDF42D9946E7207 /* EncodeSans_SemiExpanded-Bold.ttf */,
				08B172BEA14B47EDA0495F1C /* EncodeSans_SemiExpanded-ExtraBold.ttf */,
				DD2E7A0BCA54441AAF56D475 /* EncodeSans_SemiExpanded-ExtraLight.ttf */,
				ECE64E630FE2423BA7261411 /* EncodeSans_SemiExpanded-Light.ttf */,
				4C4D52162457409FA2C6C151 /* EncodeSans_SemiExpanded-Medium.ttf */,
				97B5FB7A3AE145E18D5467E6 /* EncodeSans_SemiExpanded-Regular.ttf */,
				EDDE0B2D5FAC4245B971B35B /* EncodeSans_SemiExpanded-SemiBold.ttf */,
				D661B98EE17C427B9350FEE0 /* EncodeSans_SemiExpanded-Thin.ttf */,
				2813123D7A0D476BBC2DD058 /* EncodeSans-Black.ttf */,
				B3C2B0CA91704B7885B049B5 /* EncodeSans-Bold.ttf */,
				33CB11B5A9E74DF49ED41E7F /* EncodeSans-ExtraBold.ttf */,
				096197062FE34FB8BED0937B /* EncodeSans-ExtraLight.ttf */,
				E41DE5F9951E4D5FBC4EF80A /* EncodeSans-Light.ttf */,
				D8D78DCDC2F246ABBD906D92 /* EncodeSans-Medium.ttf */,
				9331FEB8C9414544901A7DC2 /* EncodeSans-Regular.ttf */,
				DD9DB31388D94142AD670A4D /* EncodeSans-SemiBold.ttf */,
				6025899EB21847B89731F5FF /* EncodeSans-Thin.ttf */,
				88AE02D1A7A64DAEB0D0FE7E /* AntDesign.ttf */,
				36F1834324FE44B49A4375E4 /* Entypo.ttf */,
				D511859E8D23405CB4D7EC7A /* EvilIcons.ttf */,
				ADC3F5191A16458EAA4773CE /* Feather.ttf */,
				ABF9141771964ABBAF2ABA55 /* FontAwesome.ttf */,
				1D09AE1136C94CE19041A60E /* FontAwesome5_Brands.ttf */,
				2B16703C85B341BD9D98BA45 /* FontAwesome5_Regular.ttf */,
				FA2317A6D1904B819F66BA87 /* FontAwesome5_Solid.ttf */,
				8553FDB5DC624A44ACE150E1 /* Fontisto.ttf */,
				B6ABBBD71732473A980C2B67 /* Foundation.ttf */,
				A80B7FA861B24F379A76A8E0 /* Ionicons.ttf */,
				F985C590384E44C391C66FEB /* MaterialCommunityIcons.ttf */,
				65D8A9FED20C4E8E9E6E12CF /* MaterialIcons.ttf */,
				CFE6671E3392453E9580E294 /* Octicons.ttf */,
				57E5C3D022F7412B87D4CC11 /* SimpleLineIcons.ttf */,
				110C12055D8D4E0FA8A72F71 /* Zocial.ttf */,
			);
			name = Resources;
			path = "";
			sourceTree = "<group>";
		};
		832341AE1AAA6A7D00B99B32 /* Libraries */ = {
			isa = PBXGroup;
			children = (
			);
			name = Libraries;
			sourceTree = "<group>";
		};
		83CBB9F61A601CBA00E9B192 = {
			isa = PBXGroup;
			children = (
				13B07FAE1A68108700A75B9A /* Places2Stay */,
				832341AE1AAA6A7D00B99B32 /* Libraries */,
				00E356EF1AD99517003FC87E /* Places2StayTests */,
				83CBBA001A601CBA00E9B192 /* Products */,
				2D16E6871FA4F8E400B85C8A /* Frameworks */,
				BBD78D7AC51CEA395F1C20DB /* Pods */,
				343F885BEEA8406A86188657 /* Resources */,
			);
			indentWidth = 2;
			sourceTree = "<group>";
			tabWidth = 2;
			usesTabs = 0;
		};
		83CBBA001A601CBA00E9B192 /* Products */ = {
			isa = PBXGroup;
			children = (
				13B07F961A680F5B00A75B9A /* Places2Stay.app */,
				00E356EE1AD99517003FC87E /* Places2StayTests.xctest */,
			);
			name = Products;
			sourceTree = "<group>";
		};
		BBD78D7AC51CEA395F1C20DB /* Pods */ = {
			isa = PBXGroup;
			children = (
				3B4392A12AC88292D35C810B /* Pods-Places2Stay.debug.xcconfig */,
				5709B34CF0A7D63546082F79 /* Pods-Places2Stay.release.xcconfig */,
				5B7EB9410499542E8C5724F5 /* Pods-Places2Stay-Places2StayTests.debug.xcconfig */,
				89C6BE57DB24E9ADA2F236DE /* Pods-Places2Stay-Places2StayTests.release.xcconfig */,
			);
			path = Pods;
			sourceTree = "<group>";
		};
/* End PBXGroup section */

/* Begin PBXNativeTarget section */
		00E356ED1AD99517003FC87E /* Places2StayTests */ = {
			isa = PBXNativeTarget;
			buildConfigurationList = 00E357021AD99517003FC87E /* Build configuration list for PBXNativeTarget "Places2StayTests" */;
			buildPhases = (
				A55EABD7B0C7F3A422A6CC61 /* [CP] Check Pods Manifest.lock */,
				00E356EA1AD99517003FC87E /* Sources */,
				00E356EB1AD99517003FC87E /* Frameworks */,
				00E356EC1AD99517003FC87E /* Resources */,
				C59DA0FBD6956966B86A3779 /* [CP] Embed Pods Frameworks */,
				F6A41C54EA430FDDC6A6ED99 /* [CP] Copy Pods Resources */,
			);
			buildRules = (
			);
			dependencies = (
				00E356F51AD99517003FC87E /* PBXTargetDependency */,
			);
			name = Places2StayTests;
			productName = Places2StayTests;
			productReference = 00E356EE1AD99517003FC87E /* Places2StayTests.xctest */;
			productType = "com.apple.product-type.bundle.unit-test";
		};
		13B07F861A680F5B00A75B9A /* Places2Stay */ = {
			isa = PBXNativeTarget;
			buildConfigurationList = 13B07F931A680F5B00A75B9A /* Build configuration list for PBXNativeTarget "Places2Stay" */;
			buildPhases = (
				C38B50BA6285516D6DCD4F65 /* [CP] Check Pods Manifest.lock */,
				FD10A7F022414F080027D42C /* Start Packager */,
				13B07F871A680F5B00A75B9A /* Sources */,
				13B07F8C1A680F5B00A75B9A /* Frameworks */,
				13B07F8E1A680F5B00A75B9A /* Resources */,
				00DD1BFF1BD5951E006B06BC /* Bundle React Native code and images */,
				00EEFC60759A1932668264C0 /* [CP] Embed Pods Frameworks */,
				E235C05ADACE081382539298 /* [CP] Copy Pods Resources */,
			);
			buildRules = (
			);
			dependencies = (
			);
			name = Places2Stay;
			productName = Places2Stay;
			productReference = 13B07F961A680F5B00A75B9A /* Places2Stay.app */;
			productType = "com.apple.product-type.application";
		};
/* End PBXNativeTarget section */

/* Begin PBXProject section */
		83CBB9F71A601CBA00E9B192 /* Project object */ = {
			isa = PBXProject;
			attributes = {
				LastUpgradeCheck = 1210;
				TargetAttributes = {
					00E356ED1AD99517003FC87E = {
						CreatedOnToolsVersion = 6.2;
						TestTargetID = 13B07F861A680F5B00A75B9A;
					};
					13B07F861A680F5B00A75B9A = {
						LastSwiftMigration = 1120;
					};
				};
			};
			buildConfigurationList = 83CBB9FA1A601CBA00E9B192 /* Build configuration list for PBXProject "Places2Stay" */;
			compatibilityVersion = "Xcode 12.0";
			developmentRegion = en;
			hasScannedForEncodings = 0;
			knownRegions = (
				en,
				Base,
			);
			mainGroup = 83CBB9F61A601CBA00E9B192;
			productRefGroup = 83CBBA001A601CBA00E9B192 /* Products */;
			projectDirPath = "";
			projectRoot = "";
			targets = (
				13B07F861A680F5B00A75B9A /* Places2Stay */,
				00E356ED1AD99517003FC87E /* Places2StayTests */,
			);
		};
/* End PBXProject section */

/* Begin PBXResourcesBuildPhase section */
		00E356EC1AD99517003FC87E /* Resources */ = {
			isa = PBXResourcesBuildPhase;
			buildActionMask = 2147483647;
			files = (
			);
			runOnlyForDeploymentPostprocessing = 0;
		};
		13B07F8E1A680F5B00A75B9A /* Resources */ = {
			isa = PBXResourcesBuildPhase;
			buildActionMask = 2147483647;
			files = (
				81AB9BB82411601600AC10FF /* LaunchScreen.storyboard in Resources */,
				13B07FBF1A68108700A75B9A /* Images.xcassets in Resources */,
				44FCEA1D01204D54891B3B7C /* Bitter-Italic-VariableFont_wght.ttf in Resources */,
				D23AE38CB3B74E4DBAEF2FB3 /* Bitter-VariableFont_wght.ttf in Resources */,
				42AF8F470C8947BF8764A9B4 /* Bitter-Black.ttf in Resources */,
				1C2E031219C0470FAFEA2AB9 /* Bitter-BlackItalic.ttf in Resources */,
				70961D45AAB146AFA1CFE695 /* Bitter-Bold.ttf in Resources */,
				181660D4E9E343E49ED0336C /* Bitter-BoldItalic.ttf in Resources */,
				E4450E1827FD405D951EC9BE /* Bitter-ExtraBold.ttf in Resources */,
				245318066CC049C0B9C96CF2 /* Bitter-ExtraBoldItalic.ttf in Resources */,
				FF26D22B4CF643D3A36A6167 /* Bitter-ExtraLight.ttf in Resources */,
				0CA6CAF01D6344889D6357E3 /* Bitter-ExtraLightItalic.ttf in Resources */,
				1206868CFAA84D4191150903 /* Bitter-Italic.ttf in Resources */,
				E89EFD55D879434C8234DF29 /* Bitter-Light.ttf in Resources */,
				74AFBBEAAF6F4C0A8DE8B08B /* Bitter-LightItalic.ttf in Resources */,
				17EE9845274342419D08ADA9 /* Bitter-Medium.ttf in Resources */,
				CDA3DCB838DD4A8C813374C9 /* Bitter-MediumItalic.ttf in Resources */,
				AA25DC4C9FD94A5CB24D0797 /* Bitter-Regular.ttf in Resources */,
				B281DB15FB2D48EE80F2FEED /* Bitter-SemiBold.ttf in Resources */,
				ADE57EF18D63463397F7F585 /* Bitter-SemiBoldItalic.ttf in Resources */,
				6925EE3A00D2429C833E0DC6 /* Bitter-Thin.ttf in Resources */,
				4ACFB3EA39044454AF4C164A /* Bitter-ThinItalic.ttf in Resources */,
				DEF0B62B00D74844BA9AC9B0 /* EncodeSans-VariableFont_wdth,wght.ttf in Resources */,
				E5C10FE2730D4C31AB7B1117 /* EncodeSans_Condensed-Black.ttf in Resources */,
				2D8F777390774DEB92517A31 /* EncodeSans_Condensed-Bold.ttf in Resources */,
				1AF892DD5C9F48EF9A66F568 /* EncodeSans_Condensed-ExtraBold.ttf in Resources */,
				D2A8237CFA67432C9D61F4B1 /* EncodeSans_Condensed-ExtraLight.ttf in Resources */,
				6F160BFCCB0B4221BE8ABEE8 /* EncodeSans_Condensed-Light.ttf in Resources */,
				3F8174B9FEAF4A4BBBF43C78 /* EncodeSans_Condensed-Medium.ttf in Resources */,
				4367EE279229448D9FFC96F5 /* EncodeSans_Condensed-Regular.ttf in Resources */,
				8C0852D8FF944B26902CF76D /* EncodeSans_Condensed-SemiBold.ttf in Resources */,
				5BFD2FA0733D4BDCA89EA957 /* EncodeSans_Condensed-Thin.ttf in Resources */,
				7858A7D0D33548AF98444345 /* EncodeSans_Expanded-Black.ttf in Resources */,
				989D29B8D12D4647B0FB6E43 /* EncodeSans_Expanded-Bold.ttf in Resources */,
				9E2CB1EA9A5E4C23A992F27F /* EncodeSans_Expanded-ExtraBold.ttf in Resources */,
				E5D89C51E88142E296C70108 /* EncodeSans_Expanded-ExtraLight.ttf in Resources */,
				833971FFE50D45DE864B6146 /* EncodeSans_Expanded-Light.ttf in Resources */,
				36FDC73807704F4E940E00D5 /* EncodeSans_Expanded-Medium.ttf in Resources */,
				A270B29B6A614BCF98AE5C8C /* EncodeSans_Expanded-Regular.ttf in Resources */,
				F59B9D00C08B487C9FD4CCBE /* EncodeSans_Expanded-SemiBold.ttf in Resources */,
				100D5ED3E65C4C369E6BFD9B /* EncodeSans_Expanded-Thin.ttf in Resources */,
				63BF4495E117427A9460E806 /* EncodeSans_SemiCondensed-Black.ttf in Resources */,
				549C4093EB8A4A1E9D438234 /* EncodeSans_SemiCondensed-Bold.ttf in Resources */,
				3C09998460E54B4AB3BBCD09 /* EncodeSans_SemiCondensed-ExtraBold.ttf in Resources */,
				9B3F9B57EB2B442BB503CC56 /* EncodeSans_SemiCondensed-ExtraLight.ttf in Resources */,
				00A9F8B246B04795B7B1B50E /* EncodeSans_SemiCondensed-Light.ttf in Resources */,
				FEB7DC2AAE964B3B94163C40 /* EncodeSans_SemiCondensed-Medium.ttf in Resources */,
				BA43F150EF444EA7B88DA7B0 /* EncodeSans_SemiCondensed-Regular.ttf in Resources */,
				3A9F2AE43ED544058F35BA56 /* EncodeSans_SemiCondensed-SemiBold.ttf in Resources */,
				F4046E7093564F13908DB86D /* EncodeSans_SemiCondensed-Thin.ttf in Resources */,
				BB14B604DED14AF392FA09D6 /* EncodeSans_SemiExpanded-Black.ttf in Resources */,
				BF8D35C6293D4282ABE4CE13 /* EncodeSans_SemiExpanded-Bold.ttf in Resources */,
				C89F3843F83D40EE8ABF95BA /* EncodeSans_SemiExpanded-ExtraBold.ttf in Resources */,
				137829277CEE4DDC8DCF0359 /* EncodeSans_SemiExpanded-ExtraLight.ttf in Resources */,
				8B4B515E51BF4308B6B0E98D /* EncodeSans_SemiExpanded-Light.ttf in Resources */,
				35923FBC6AE04158B8B18937 /* EncodeSans_SemiExpanded-Medium.ttf in Resources */,
				54952E14975B491480981DE4 /* EncodeSans_SemiExpanded-Regular.ttf in Resources */,
				2770CB2690E641988C404612 /* EncodeSans_SemiExpanded-SemiBold.ttf in Resources */,
				5882546010534430BADB3C16 /* EncodeSans_SemiExpanded-Thin.ttf in Resources */,
				58EE250659F1461B9505D2DE /* EncodeSans-Black.ttf in Resources */,
				201AEA0F3F6A4A2BB1213F3A /* EncodeSans-Bold.ttf in Resources */,
				4AF182FF2C5949DF9C949F69 /* EncodeSans-ExtraBold.ttf in Resources */,
				3A2D2F6A16384659A72B1E10 /* EncodeSans-ExtraLight.ttf in Resources */,
				77B09D758F80407EA49549E5 /* EncodeSans-Light.ttf in Resources */,
				7EF479EDF2E740F0B6CFE910 /* EncodeSans-Medium.ttf in Resources */,
				8B921F47D9994DB7BE26FB92 /* EncodeSans-Regular.ttf in Resources */,
				E1F24356882746D9AC1399B4 /* EncodeSans-SemiBold.ttf in Resources */,
				DD16EB48B8A242498A3892A1 /* EncodeSans-Thin.ttf in Resources */,
				665B42032D1A4308BFFDFD1A /* AntDesign.ttf in Resources */,
				3EC1C36A23DB4B42A6846EDB /* Entypo.ttf in Resources */,
				5D80166FA71B490896610A98 /* EvilIcons.ttf in Resources */,
				9F0A515F1098491A9414AB4E /* Feather.ttf in Resources */,
				36D550EBE1A64ADBAE66DCA5 /* FontAwesome.ttf in Resources */,
				29F8983CE493472F939ED48A /* FontAwesome5_Brands.ttf in Resources */,
				4DE9859400DE4D2B96F3EBE3 /* FontAwesome5_Regular.ttf in Resources */,
				5CC2B80882B74CB3B44893F6 /* FontAwesome5_Solid.ttf in Resources */,
				C5F0369A665D4EE6B738EB5B /* Fontisto.ttf in Resources */,
				0E2F20C85A7D430EB9B3077B /* Foundation.ttf in Resources */,
				2DC56360771C4DF29DD73D36 /* Ionicons.ttf in Resources */,
				9329D3BAE145446BB530BCC0 /* MaterialCommunityIcons.ttf in Resources */,
				A3BAC517C98748F9A5B7B8CA /* MaterialIcons.ttf in Resources */,
				1211983E1FE245C9A93B5CDA /* Octicons.ttf in Resources */,
				E542C9BE3C284D168ACA4198 /* SimpleLineIcons.ttf in Resources */,
				4CEA2DBA40A440DEA3F7259D /* Zocial.ttf in Resources */,
			);
			runOnlyForDeploymentPostprocessing = 0;
		};
/* End PBXResourcesBuildPhase section */

/* Begin PBXShellScriptBuildPhase section */
		00DD1BFF1BD5951E006B06BC /* Bundle React Native code and images */ = {
			isa = PBXShellScriptBuildPhase;
			buildActionMask = 2147483647;
			files = (
			);
			inputPaths = (
			);
			name = "Bundle React Native code and images";
			outputPaths = (
			);
			runOnlyForDeploymentPostprocessing = 0;
			shellPath = /bin/sh;
			shellScript = "set -e\n\nexport NODE_BINARY=node\n../node_modules/react-native/scripts/react-native-xcode.sh\n../node_modules/react-native-vector-image/strip_svgs.sh\n";
		};
		00EEFC60759A1932668264C0 /* [CP] Embed Pods Frameworks */ = {
			isa = PBXShellScriptBuildPhase;
			buildActionMask = 2147483647;
			files = (
			);
			inputFileListPaths = (
				"${PODS_ROOT}/Target Support Files/Pods-Places2Stay/Pods-Places2Stay-frameworks-${CONFIGURATION}-input-files.xcfilelist",
			);
			name = "[CP] Embed Pods Frameworks";
			outputFileListPaths = (
				"${PODS_ROOT}/Target Support Files/Pods-Places2Stay/Pods-Places2Stay-frameworks-${CONFIGURATION}-output-files.xcfilelist",
			);
			runOnlyForDeploymentPostprocessing = 0;
			shellPath = /bin/sh;
			shellScript = "\"${PODS_ROOT}/Target Support Files/Pods-Places2Stay/Pods-Places2Stay-frameworks.sh\"\n";
			showEnvVarsInLog = 0;
		};
		A55EABD7B0C7F3A422A6CC61 /* [CP] Check Pods Manifest.lock */ = {
			isa = PBXShellScriptBuildPhase;
			buildActionMask = 2147483647;
			files = (
			);
			inputFileListPaths = (
			);
			inputPaths = (
				"${PODS_PODFILE_DIR_PATH}/Podfile.lock",
				"${PODS_ROOT}/Manifest.lock",
			);
			name = "[CP] Check Pods Manifest.lock";
			outputFileListPaths = (
			);
			outputPaths = (
				"$(DERIVED_FILE_DIR)/Pods-Places2Stay-Places2StayTests-checkManifestLockResult.txt",
			);
			runOnlyForDeploymentPostprocessing = 0;
			shellPath = /bin/sh;
			shellScript = "diff \"${PODS_PODFILE_DIR_PATH}/Podfile.lock\" \"${PODS_ROOT}/Manifest.lock\" > /dev/null\nif [ $? != 0 ] ; then\n    # print error to STDERR\n    echo \"error: The sandbox is not in sync with the Podfile.lock. Run 'pod install' or update your CocoaPods installation.\" >&2\n    exit 1\nfi\n# This output is used by Xcode 'outputs' to avoid re-running this script phase.\necho \"SUCCESS\" > \"${SCRIPT_OUTPUT_FILE_0}\"\n";
			showEnvVarsInLog = 0;
		};
		C38B50BA6285516D6DCD4F65 /* [CP] Check Pods Manifest.lock */ = {
			isa = PBXShellScriptBuildPhase;
			buildActionMask = 2147483647;
			files = (
			);
			inputFileListPaths = (
			);
			inputPaths = (
				"${PODS_PODFILE_DIR_PATH}/Podfile.lock",
				"${PODS_ROOT}/Manifest.lock",
			);
			name = "[CP] Check Pods Manifest.lock";
			outputFileListPaths = (
			);
			outputPaths = (
				"$(DERIVED_FILE_DIR)/Pods-Places2Stay-checkManifestLockResult.txt",
			);
			runOnlyForDeploymentPostprocessing = 0;
			shellPath = /bin/sh;
			shellScript = "diff \"${PODS_PODFILE_DIR_PATH}/Podfile.lock\" \"${PODS_ROOT}/Manifest.lock\" > /dev/null\nif [ $? != 0 ] ; then\n    # print error to STDERR\n    echo \"error: The sandbox is not in sync with the Podfile.lock. Run 'pod install' or update your CocoaPods installation.\" >&2\n    exit 1\nfi\n# This output is used by Xcode 'outputs' to avoid re-running this script phase.\necho \"SUCCESS\" > \"${SCRIPT_OUTPUT_FILE_0}\"\n";
			showEnvVarsInLog = 0;
		};
		C59DA0FBD6956966B86A3779 /* [CP] Embed Pods Frameworks */ = {
			isa = PBXShellScriptBuildPhase;
			buildActionMask = 2147483647;
			files = (
			);
			inputFileListPaths = (
				"${PODS_ROOT}/Target Support Files/Pods-Places2Stay-Places2StayTests/Pods-Places2Stay-Places2StayTests-frameworks-${CONFIGURATION}-input-files.xcfilelist",
			);
			name = "[CP] Embed Pods Frameworks";
			outputFileListPaths = (
				"${PODS_ROOT}/Target Support Files/Pods-Places2Stay-Places2StayTests/Pods-Places2Stay-Places2StayTests-frameworks-${CONFIGURATION}-output-files.xcfilelist",
			);
			runOnlyForDeploymentPostprocessing = 0;
			shellPath = /bin/sh;
			shellScript = "\"${PODS_ROOT}/Target Support Files/Pods-Places2Stay-Places2StayTests/Pods-Places2Stay-Places2StayTests-frameworks.sh\"\n";
			showEnvVarsInLog = 0;
		};
		E235C05ADACE081382539298 /* [CP] Copy Pods Resources */ = {
			isa = PBXShellScriptBuildPhase;
			buildActionMask = 2147483647;
			files = (
			);
			inputFileListPaths = (
				"${PODS_ROOT}/Target Support Files/Pods-Places2Stay/Pods-Places2Stay-resources-${CONFIGURATION}-input-files.xcfilelist",
			);
			name = "[CP] Copy Pods Resources";
			outputFileListPaths = (
				"${PODS_ROOT}/Target Support Files/Pods-Places2Stay/Pods-Places2Stay-resources-${CONFIGURATION}-output-files.xcfilelist",
			);
			runOnlyForDeploymentPostprocessing = 0;
			shellPath = /bin/sh;
			shellScript = "\"${PODS_ROOT}/Target Support Files/Pods-Places2Stay/Pods-Places2Stay-resources.sh\"\n";
			showEnvVarsInLog = 0;
		};
		F6A41C54EA430FDDC6A6ED99 /* [CP] Copy Pods Resources */ = {
			isa = PBXShellScriptBuildPhase;
			buildActionMask = 2147483647;
			files = (
			);
			inputFileListPaths = (
				"${PODS_ROOT}/Target Support Files/Pods-Places2Stay-Places2StayTests/Pods-Places2Stay-Places2StayTests-resources-${CONFIGURATION}-input-files.xcfilelist",
			);
			name = "[CP] Copy Pods Resources";
			outputFileListPaths = (
				"${PODS_ROOT}/Target Support Files/Pods-Places2Stay-Places2StayTests/Pods-Places2Stay-Places2StayTests-resources-${CONFIGURATION}-output-files.xcfilelist",
			);
			runOnlyForDeploymentPostprocessing = 0;
			shellPath = /bin/sh;
			shellScript = "\"${PODS_ROOT}/Target Support Files/Pods-Places2Stay-Places2StayTests/Pods-Places2Stay-Places2StayTests-resources.sh\"\n";
			showEnvVarsInLog = 0;
		};
		FD10A7F022414F080027D42C /* Start Packager */ = {
			isa = PBXShellScriptBuildPhase;
			buildActionMask = 2147483647;
			files = (
			);
			inputFileListPaths = (
			);
			inputPaths = (
			);
			name = "Start Packager";
			outputFileListPaths = (
			);
			outputPaths = (
			);
			runOnlyForDeploymentPostprocessing = 0;
			shellPath = /bin/sh;
			shellScript = "export RCT_METRO_PORT=\"${RCT_METRO_PORT:=8081}\"\necho \"export RCT_METRO_PORT=${RCT_METRO_PORT}\" > \"${SRCROOT}/../node_modules/react-native/scripts/.packager.env\"\nif [ -z \"${RCT_NO_LAUNCH_PACKAGER+xxx}\" ] ; then\n  if nc -w 5 -z localhost ${RCT_METRO_PORT} ; then\n    if ! curl -s \"http://localhost:${RCT_METRO_PORT}/status\" | grep -q \"packager-status:running\" ; then\n      echo \"Port ${RCT_METRO_PORT} already in use, packager is either not running or not running correctly\"\n      exit 2\n    fi\n  else\n    open \"$SRCROOT/../node_modules/react-native/scripts/launchPackager.command\" || echo \"Can't start packager automatically\"\n  fi\nfi\n";
			showEnvVarsInLog = 0;
		};
/* End PBXShellScriptBuildPhase section */

/* Begin PBXSourcesBuildPhase section */
		00E356EA1AD99517003FC87E /* Sources */ = {
			isa = PBXSourcesBuildPhase;
			buildActionMask = 2147483647;
			files = (
				00E356F31AD99517003FC87E /* Places2StayTests.m in Sources */,
			);
			runOnlyForDeploymentPostprocessing = 0;
		};
		13B07F871A680F5B00A75B9A /* Sources */ = {
			isa = PBXSourcesBuildPhase;
			buildActionMask = 2147483647;
			files = (
				13B07FBC1A68108700A75B9A /* AppDelegate.mm in Sources */,
				13B07FC11A68108700A75B9A /* main.m in Sources */,
			);
			runOnlyForDeploymentPostprocessing = 0;
		};
/* End PBXSourcesBuildPhase section */

/* Begin PBXTargetDependency section */
		00E356F51AD99517003FC87E /* PBXTargetDependency */ = {
			isa = PBXTargetDependency;
			target = 13B07F861A680F5B00A75B9A /* Places2Stay */;
			targetProxy = 00E356F41AD99517003FC87E /* PBXContainerItemProxy */;
		};
/* End PBXTargetDependency section */

/* Begin XCBuildConfiguration section */
		00E356F61AD99517003FC87E /* Debug */ = {
			isa = XCBuildConfiguration;
			baseConfigurationReference = 5B7EB9410499542E8C5724F5 /* Pods-Places2Stay-Places2StayTests.debug.xcconfig */;
			buildSettings = {
				BUNDLE_LOADER = "$(TEST_HOST)";
				GCC_PREPROCESSOR_DEFINITIONS = (
					"DEBUG=1",
					"$(inherited)",
				);
				INFOPLIST_FILE = Places2StayTests/Info.plist;
				IPHONEOS_DEPLOYMENT_TARGET = 11.0;
				LD_RUNPATH_SEARCH_PATHS = (
					"$(inherited)",
					"@executable_path/Frameworks",
					"@loader_path/Frameworks",
				);
				OTHER_LDFLAGS = (
					"-ObjC",
					"-lc++",
					"$(inherited)",
				);
				PRODUCT_BUNDLE_IDENTIFIER = "org.reactjs.native.example.$(PRODUCT_NAME:rfc1034identifier)";
				PRODUCT_NAME = "$(TARGET_NAME)";
				TEST_HOST = "$(BUILT_PRODUCTS_DIR)/Places2Stay.app/Places2Stay";
			};
			name = Debug;
		};
		00E356F71AD99517003FC87E /* Release */ = {
			isa = XCBuildConfiguration;
			baseConfigurationReference = 89C6BE57DB24E9ADA2F236DE /* Pods-Places2Stay-Places2StayTests.release.xcconfig */;
			buildSettings = {
				BUNDLE_LOADER = "$(TEST_HOST)";
				COPY_PHASE_STRIP = NO;
				INFOPLIST_FILE = Places2StayTests/Info.plist;
				IPHONEOS_DEPLOYMENT_TARGET = 11.0;
				LD_RUNPATH_SEARCH_PATHS = (
					"$(inherited)",
					"@executable_path/Frameworks",
					"@loader_path/Frameworks",
				);
				OTHER_LDFLAGS = (
					"-ObjC",
					"-lc++",
					"$(inherited)",
				);
				PRODUCT_BUNDLE_IDENTIFIER = "org.reactjs.native.example.$(PRODUCT_NAME:rfc1034identifier)";
				PRODUCT_NAME = "$(TARGET_NAME)";
				TEST_HOST = "$(BUILT_PRODUCTS_DIR)/Places2Stay.app/Places2Stay";
			};
			name = Release;
		};
		13B07F941A680F5B00A75B9A /* Debug */ = {
			isa = XCBuildConfiguration;
			baseConfigurationReference = 3B4392A12AC88292D35C810B /* Pods-Places2Stay.debug.xcconfig */;
			buildSettings = {
				ASSETCATALOG_COMPILER_APPICON_NAME = AppIcon;
				CLANG_ENABLE_MODULES = YES;
				CURRENT_PROJECT_VERSION = 1;
				ENABLE_BITCODE = NO;
				INFOPLIST_FILE = Places2Stay/Info.plist;
				LD_RUNPATH_SEARCH_PATHS = (
					"$(inherited)",
					"@executable_path/Frameworks",
				);
				OTHER_LDFLAGS = (
					"$(inherited)",
					"-ObjC",
					"-lc++",
				);
				PRODUCT_BUNDLE_IDENTIFIER = "org.reactjs.native.example.$(PRODUCT_NAME:rfc1034identifier)";
				PRODUCT_NAME = Places2Stay;
				SWIFT_OPTIMIZATION_LEVEL = "-Onone";
				SWIFT_VERSION = 5.0;
				VERSIONING_SYSTEM = "apple-generic";
			};
			name = Debug;
		};
		13B07F951A680F5B00A75B9A /* Release */ = {
			isa = XCBuildConfiguration;
			baseConfigurationReference = 5709B34CF0A7D63546082F79 /* Pods-Places2Stay.release.xcconfig */;
			buildSettings = {
				ASSETCATALOG_COMPILER_APPICON_NAME = AppIcon;
				CLANG_ENABLE_MODULES = YES;
				CURRENT_PROJECT_VERSION = 1;
				INFOPLIST_FILE = Places2Stay/Info.plist;
				LD_RUNPATH_SEARCH_PATHS = (
					"$(inherited)",
					"@executable_path/Frameworks",
				);
				OTHER_LDFLAGS = (
					"$(inherited)",
					"-ObjC",
					"-lc++",
				);
				PRODUCT_BUNDLE_IDENTIFIER = "org.reactjs.native.example.$(PRODUCT_NAME:rfc1034identifier)";
				PRODUCT_NAME = Places2Stay;
				SWIFT_VERSION = 5.0;
				VERSIONING_SYSTEM = "apple-generic";
			};
			name = Release;
		};
		83CBBA201A601CBA00E9B192 /* Debug */ = {
			isa = XCBuildConfiguration;
			buildSettings = {
				ALWAYS_SEARCH_USER_PATHS = NO;
				CLANG_ANALYZER_LOCALIZABILITY_NONLOCALIZED = YES;
				CLANG_CXX_LANGUAGE_STANDARD = "c++17";
				CLANG_CXX_LIBRARY = "libc++";
				CLANG_ENABLE_MODULES = YES;
				CLANG_ENABLE_OBJC_ARC = YES;
				CLANG_WARN_BLOCK_CAPTURE_AUTORELEASING = YES;
				CLANG_WARN_BOOL_CONVERSION = YES;
				CLANG_WARN_COMMA = YES;
				CLANG_WARN_CONSTANT_CONVERSION = YES;
				CLANG_WARN_DEPRECATED_OBJC_IMPLEMENTATIONS = YES;
				CLANG_WARN_DIRECT_OBJC_ISA_USAGE = YES_ERROR;
				CLANG_WARN_EMPTY_BODY = YES;
				CLANG_WARN_ENUM_CONVERSION = YES;
				CLANG_WARN_INFINITE_RECURSION = YES;
				CLANG_WARN_INT_CONVERSION = YES;
				CLANG_WARN_NON_LITERAL_NULL_CONVERSION = YES;
				CLANG_WARN_OBJC_IMPLICIT_RETAIN_SELF = YES;
				CLANG_WARN_OBJC_LITERAL_CONVERSION = YES;
				CLANG_WARN_OBJC_ROOT_CLASS = YES_ERROR;
				CLANG_WARN_QUOTED_INCLUDE_IN_FRAMEWORK_HEADER = YES;
				CLANG_WARN_RANGE_LOOP_ANALYSIS = YES;
				CLANG_WARN_STRICT_PROTOTYPES = YES;
				CLANG_WARN_SUSPICIOUS_MOVE = YES;
				CLANG_WARN_UNREACHABLE_CODE = YES;
				CLANG_WARN__DUPLICATE_METHOD_MATCH = YES;
				"CODE_SIGN_IDENTITY[sdk=iphoneos*]" = "iPhone Developer";
				COPY_PHASE_STRIP = NO;
				ENABLE_STRICT_OBJC_MSGSEND = YES;
				ENABLE_TESTABILITY = YES;
				"EXCLUDED_ARCHS[sdk=iphonesimulator*]" = i386;
				GCC_C_LANGUAGE_STANDARD = gnu99;
				GCC_DYNAMIC_NO_PIC = NO;
				GCC_NO_COMMON_BLOCKS = YES;
				GCC_OPTIMIZATION_LEVEL = 0;
				GCC_PREPROCESSOR_DEFINITIONS = (
					"DEBUG=1",
					"$(inherited)",
				);
				GCC_SYMBOLS_PRIVATE_EXTERN = NO;
				GCC_WARN_64_TO_32_BIT_CONVERSION = YES;
				GCC_WARN_ABOUT_RETURN_TYPE = YES_ERROR;
				GCC_WARN_UNDECLARED_SELECTOR = YES;
				GCC_WARN_UNINITIALIZED_AUTOS = YES_AGGRESSIVE;
				GCC_WARN_UNUSED_FUNCTION = YES;
				GCC_WARN_UNUSED_VARIABLE = YES;
				IPHONEOS_DEPLOYMENT_TARGET = 11.0;
				LD_RUNPATH_SEARCH_PATHS = (
					/usr/lib/swift,
					"$(inherited)",
				);
				LIBRARY_SEARCH_PATHS = (
					"\"$(SDKROOT)/usr/lib/swift\"",
					"\"$(TOOLCHAIN_DIR)/usr/lib/swift/$(PLATFORM_NAME)\"",
					"\"$(inherited)\"",
				);
				MTL_ENABLE_DEBUG_INFO = YES;
				ONLY_ACTIVE_ARCH = YES;
				OTHER_CPLUSPLUSFLAGS = (
					"$(OTHER_CFLAGS)",
					"-DFOLLY_NO_CONFIG",
					"-DFOLLY_MOBILE=1",
					"-DFOLLY_USE_LIBCPP=1",
				);
				SDKROOT = iphoneos;
			};
			name = Debug;
		};
		83CBBA211A601CBA00E9B192 /* Release */ = {
			isa = XCBuildConfiguration;
			buildSettings = {
				ALWAYS_SEARCH_USER_PATHS = NO;
				CLANG_ANALYZER_LOCALIZABILITY_NONLOCALIZED = YES;
				CLANG_CXX_LANGUAGE_STANDARD = "c++17";
				CLANG_CXX_LIBRARY = "libc++";
				CLANG_ENABLE_MODULES = YES;
				CLANG_ENABLE_OBJC_ARC = YES;
				CLANG_WARN_BLOCK_CAPTURE_AUTORELEASING = YES;
				CLANG_WARN_BOOL_CONVERSION = YES;
				CLANG_WARN_COMMA = YES;
				CLANG_WARN_CONSTANT_CONVERSION = YES;
				CLANG_WARN_DEPRECATED_OBJC_IMPLEMENTATIONS = YES;
				CLANG_WARN_DIRECT_OBJC_ISA_USAGE = YES_ERROR;
				CLANG_WARN_EMPTY_BODY = YES;
				CLANG_WARN_ENUM_CONVERSION = YES;
				CLANG_WARN_INFINITE_RECURSION = YES;
				CLANG_WARN_INT_CONVERSION = YES;
				CLANG_WARN_NON_LITERAL_NULL_CONVERSION = YES;
				CLANG_WARN_OBJC_IMPLICIT_RETAIN_SELF = YES;
				CLANG_WARN_OBJC_LITERAL_CONVERSION = YES;
				CLANG_WARN_OBJC_ROOT_CLASS = YES_ERROR;
				CLANG_WARN_QUOTED_INCLUDE_IN_FRAMEWORK_HEADER = YES;
				CLANG_WARN_RANGE_LOOP_ANALYSIS = YES;
				CLANG_WARN_STRICT_PROTOTYPES = YES;
				CLANG_WARN_SUSPICIOUS_MOVE = YES;
				CLANG_WARN_UNREACHABLE_CODE = YES;
				CLANG_WARN__DUPLICATE_METHOD_MATCH = YES;
				"CODE_SIGN_IDENTITY[sdk=iphoneos*]" = "iPhone Developer";
				COPY_PHASE_STRIP = YES;
				ENABLE_NS_ASSERTIONS = NO;
				ENABLE_STRICT_OBJC_MSGSEND = YES;
				"EXCLUDED_ARCHS[sdk=iphonesimulator*]" = i386;
				GCC_C_LANGUAGE_STANDARD = gnu99;
				GCC_NO_COMMON_BLOCKS = YES;
				GCC_WARN_64_TO_32_BIT_CONVERSION = YES;
				GCC_WARN_ABOUT_RETURN_TYPE = YES_ERROR;
				GCC_WARN_UNDECLARED_SELECTOR = YES;
				GCC_WARN_UNINITIALIZED_AUTOS = YES_AGGRESSIVE;
				GCC_WARN_UNUSED_FUNCTION = YES;
				GCC_WARN_UNUSED_VARIABLE = YES;
				IPHONEOS_DEPLOYMENT_TARGET = 11.0;
				LD_RUNPATH_SEARCH_PATHS = (
					/usr/lib/swift,
					"$(inherited)",
				);
				LIBRARY_SEARCH_PATHS = (
					"\"$(SDKROOT)/usr/lib/swift\"",
					"\"$(TOOLCHAIN_DIR)/usr/lib/swift/$(PLATFORM_NAME)\"",
					"\"$(inherited)\"",
				);
				MTL_ENABLE_DEBUG_INFO = NO;
				OTHER_CPLUSPLUSFLAGS = (
					"$(OTHER_CFLAGS)",
					"-DFOLLY_NO_CONFIG",
					"-DFOLLY_MOBILE=1",
					"-DFOLLY_USE_LIBCPP=1",
				);
				SDKROOT = iphoneos;
				VALIDATE_PRODUCT = YES;
			};
			name = Release;
		};
/* End XCBuildConfiguration section */

/* Begin XCConfigurationList section */
		00E357021AD99517003FC87E /* Build configuration list for PBXNativeTarget "Places2StayTests" */ = {
			isa = XCConfigurationList;
			buildConfigurations = (
				00E356F61AD99517003FC87E /* Debug */,
				00E356F71AD99517003FC87E /* Release */,
			);
			defaultConfigurationIsVisible = 0;
			defaultConfigurationName = Release;
		};
		13B07F931A680F5B00A75B9A /* Build configuration list for PBXNativeTarget "Places2Stay" */ = {
			isa = XCConfigurationList;
			buildConfigurations = (
				13B07F941A680F5B00A75B9A /* Debug */,
				13B07F951A680F5B00A75B9A /* Release */,
			);
			defaultConfigurationIsVisible = 0;
			defaultConfigurationName = Release;
		};
		83CBB9FA1A601CBA00E9B192 /* Build configuration list for PBXProject "Places2Stay" */ = {
			isa = XCConfigurationList;
			buildConfigurations = (
				83CBBA201A601CBA00E9B192 /* Debug */,
				83CBBA211A601CBA00E9B192 /* Release */,
			);
			defaultConfigurationIsVisible = 0;
			defaultConfigurationName = Release;
		};
/* End XCConfigurationList section */
	};
	rootObject = 83CBB9F71A601CBA00E9B192 /* Project object */;
}
